// !$*UTF8*$!
{
	archiveVersion = 1;
	classes = {
	};
	objectVersion = 56;
	objects = {

/* Begin PBXBuildFile section */
		01DCC99E78BC6FF6B1AECB9A /* Pods_IamIronManGame_iOS.framework in Frameworks */ = {isa = PBXBuildFile; fileRef = CDF04FFE82D9715487D6192A /* Pods_IamIronManGame_iOS.framework */; };
		1DAD4E188CF92E0B7A541C06 /* Pods_IamIronManGame_tvOS.framework in Frameworks */ = {isa = PBXBuildFile; fileRef = ECA93B0CE08F2E99468542E0 /* Pods_IamIronManGame_tvOS.framework */; };
		864C878C2A554D9900EFC5C3 /* AppDelegate.swift in Sources */ = {isa = PBXBuildFile; fileRef = 864C878B2A554D9900EFC5C3 /* AppDelegate.swift */; };
		864C878E2A554D9900EFC5C3 /* BluetoothTestViewController.swift in Sources */ = {isa = PBXBuildFile; fileRef = 864C878D2A554D9900EFC5C3 /* BluetoothTestViewController.swift */; };
		864C87912A554D9900EFC5C3 /* Main.storyboard in Resources */ = {isa = PBXBuildFile; fileRef = 864C878F2A554D9900EFC5C3 /* Main.storyboard */; };
		864C87942A554D9900EFC5C3 /* LaunchScreen.storyboard in Resources */ = {isa = PBXBuildFile; fileRef = 864C87922A554D9900EFC5C3 /* LaunchScreen.storyboard */; };
		864C879C2A554D9900EFC5C3 /* AppDelegate.swift in Sources */ = {isa = PBXBuildFile; fileRef = 864C879B2A554D9900EFC5C3 /* AppDelegate.swift */; };
		864C879E2A554D9900EFC5C3 /* GameViewController.swift in Sources */ = {isa = PBXBuildFile; fileRef = 864C879D2A554D9900EFC5C3 /* GameViewController.swift */; };
		864C87A12A554D9900EFC5C3 /* Main.storyboard in Resources */ = {isa = PBXBuildFile; fileRef = 864C879F2A554D9900EFC5C3 /* Main.storyboard */; };
		864C87A42A554D9900EFC5C3 /* LaunchScreen.storyboard in Resources */ = {isa = PBXBuildFile; fileRef = 864C87A22A554D9900EFC5C3 /* LaunchScreen.storyboard */; };
		864C87AC2A554D9900EFC5C3 /* AppDelegate.swift in Sources */ = {isa = PBXBuildFile; fileRef = 864C87AB2A554D9900EFC5C3 /* AppDelegate.swift */; };
		864C87AE2A554D9900EFC5C3 /* GameViewController.swift in Sources */ = {isa = PBXBuildFile; fileRef = 864C87AD2A554D9900EFC5C3 /* GameViewController.swift */; };
		864C87B12A554D9900EFC5C3 /* Main.storyboard in Resources */ = {isa = PBXBuildFile; fileRef = 864C87AF2A554D9900EFC5C3 /* Main.storyboard */; };
		864C87B32A554D9900EFC5C3 /* GameController.swift in Sources */ = {isa = PBXBuildFile; fileRef = 864C87812A554D9800EFC5C3 /* GameController.swift */; };
		864C87B42A554D9900EFC5C3 /* GameController.swift in Sources */ = {isa = PBXBuildFile; fileRef = 864C87812A554D9800EFC5C3 /* GameController.swift */; };
		864C87B52A554D9900EFC5C3 /* GameController.swift in Sources */ = {isa = PBXBuildFile; fileRef = 864C87812A554D9800EFC5C3 /* GameController.swift */; };
		864C87B62A554D9900EFC5C3 /* Art.scnassets in Resources */ = {isa = PBXBuildFile; fileRef = 864C87822A554D9800EFC5C3 /* Art.scnassets */; };
		864C87B72A554D9900EFC5C3 /* Art.scnassets in Resources */ = {isa = PBXBuildFile; fileRef = 864C87822A554D9800EFC5C3 /* Art.scnassets */; };
		864C87B82A554D9900EFC5C3 /* Art.scnassets in Resources */ = {isa = PBXBuildFile; fileRef = 864C87822A554D9800EFC5C3 /* Art.scnassets */; };
		864C87B92A554D9900EFC5C3 /* Assets.xcassets in Resources */ = {isa = PBXBuildFile; fileRef = 864C87832A554D9900EFC5C3 /* Assets.xcassets */; };
		864C87BA2A554D9900EFC5C3 /* Assets.xcassets in Resources */ = {isa = PBXBuildFile; fileRef = 864C87832A554D9900EFC5C3 /* Assets.xcassets */; };
		864C87BB2A554D9900EFC5C3 /* Assets.xcassets in Resources */ = {isa = PBXBuildFile; fileRef = 864C87832A554D9900EFC5C3 /* Assets.xcassets */; };
		8678D0382A7652360026A241 /* RemoConInfoInMap.swift in Sources */ = {isa = PBXBuildFile; fileRef = 8678D0372A7652360026A241 /* RemoConInfoInMap.swift */; };
		8678D03B2A76AD2A0026A241 /* LabelNode.swift in Sources */ = {isa = PBXBuildFile; fileRef = 8678D03A2A76AD2A0026A241 /* LabelNode.swift */; };
		867DF8982A729C3C004846C6 /* SceneViewSettingUtil.swift in Sources */ = {isa = PBXBuildFile; fileRef = 867DF8972A729C3C004846C6 /* SceneViewSettingUtil.swift */; };
		8696BD9C2A776EBB004F9068 /* SceneActionEvent.swift in Sources */ = {isa = PBXBuildFile; fileRef = 8696BD9B2A776EBB004F9068 /* SceneActionEvent.swift */; };
		8696BD9F2A77DDC1004F9068 /* ContinueViewController.swift in Sources */ = {isa = PBXBuildFile; fileRef = 8696BD9D2A77DDC1004F9068 /* ContinueViewController.swift */; };
		8696BDA02A77DDC1004F9068 /* ContinueViewController.storyboard in Resources */ = {isa = PBXBuildFile; fileRef = 8696BD9E2A77DDC1004F9068 /* ContinueViewController.storyboard */; };
		86B811612A78A02A00BB8216 /* ultraSoulHey.mp3 in Resources */ = {isa = PBXBuildFile; fileRef = 86B811602A78A02A00BB8216 /* ultraSoulHey.mp3 */; };
		86B811642A78A09700BB8216 /* EndingViewController.swift in Sources */ = {isa = PBXBuildFile; fileRef = 86B811632A78A09700BB8216 /* EndingViewController.swift */; };
		86B811662A78A09C00BB8216 /* EndingViewController.storyboard in Resources */ = {isa = PBXBuildFile; fileRef = 86B811652A78A09C00BB8216 /* EndingViewController.storyboard */; };
		86C40BC02A7540070040189E /* TopViewController.swift in Sources */ = {isa = PBXBuildFile; fileRef = 86C40BBF2A7540070040189E /* TopViewController.swift */; };
		86C40BC22A7540130040189E /* TopViewController.storyboard in Resources */ = {isa = PBXBuildFile; fileRef = 86C40BC12A7540130040189E /* TopViewController.storyboard */; };
		86C40BE42A75438E0040189E /* GameConst.swift in Sources */ = {isa = PBXBuildFile; fileRef = 86C40BC42A75438E0040189E /* GameConst.swift */; };
		86C40BE52A75438E0040189E /* WeaponType.swift in Sources */ = {isa = PBXBuildFile; fileRef = 86C40BC52A75438E0040189E /* WeaponType.swift */; };
		86C40BE72A75438E0040189E /* SoundConst.swift in Sources */ = {isa = PBXBuildFile; fileRef = 86C40BC72A75438E0040189E /* SoundConst.swift */; };
		86C40BEA2A75438E0040189E /* UIImageView+Extension.swift in Sources */ = {isa = PBXBuildFile; fileRef = 86C40BCB2A75438E0040189E /* UIImageView+Extension.swift */; };
		86C40BEB2A75438E0040189E /* UIViewController+Extension.swift in Sources */ = {isa = PBXBuildFile; fileRef = 86C40BCC2A75438E0040189E /* UIViewController+Extension.swift */; };
		86C40BEC2A75438E0040189E /* UIViewController+RxLifeCycleEvents.swift in Sources */ = {isa = PBXBuildFile; fileRef = 86C40BCD2A75438E0040189E /* UIViewController+RxLifeCycleEvents.swift */; };
		86C40BED2A75438E0040189E /* Storyboard+Extension.swift in Sources */ = {isa = PBXBuildFile; fileRef = 86C40BCE2A75438E0040189E /* Storyboard+Extension.swift */; };
		86C40BEE2A75438E0040189E /* Font+Extension.swift in Sources */ = {isa = PBXBuildFile; fileRef = 86C40BCF2A75438E0040189E /* Font+Extension.swift */; };
		86C40BEF2A75438E0040189E /* UserDefaults+Extension.swift in Sources */ = {isa = PBXBuildFile; fileRef = 86C40BD02A75438E0040189E /* UserDefaults+Extension.swift */; };
		86C40BF02A75438E0040189E /* UIScrollView+Extension.swift in Sources */ = {isa = PBXBuildFile; fileRef = 86C40BD12A75438E0040189E /* UIScrollView+Extension.swift */; };
		86C40BF32A75438E0040189E /* AudioUtil.swift in Sources */ = {isa = PBXBuildFile; fileRef = 86C40BD52A75438E0040189E /* AudioUtil.swift */; };
		86C40BF42A75438E0040189E /* CameraAuthUtil.swift in Sources */ = {isa = PBXBuildFile; fileRef = 86C40BD62A75438E0040189E /* CameraAuthUtil.swift */; };
		86C40BF72A75438E0040189E /* SceneNodeUtil.swift in Sources */ = {isa = PBXBuildFile; fileRef = 86C40BD92A75438E0040189E /* SceneNodeUtil.swift */; };
		86C40BF82A75438E0040189E /* SceneAnimationUtil.swift in Sources */ = {isa = PBXBuildFile; fileRef = 86C40BDA2A75438E0040189E /* SceneAnimationUtil.swift */; };
		86C40C002A75438E0040189E /* GameViewModel.swift in Sources */ = {isa = PBXBuildFile; fileRef = 86C40BE32A75438E0040189E /* GameViewModel.swift */; };
		86C40C022A7544C60040189E /* GameViewController.swift in Sources */ = {isa = PBXBuildFile; fileRef = 86C40C012A7544C60040189E /* GameViewController.swift */; };
		86C40C102A7545930040189E /* BulletsHolder.swift in Sources */ = {isa = PBXBuildFile; fileRef = 86C40C082A7545930040189E /* BulletsHolder.swift */; };
		86C40C132A7545930040189E /* MotionDetector.swift in Sources */ = {isa = PBXBuildFile; fileRef = 86C40C0B2A7545930040189E /* MotionDetector.swift */; };
		86C40C152A7545930040189E /* CurrentWeapon.swift in Sources */ = {isa = PBXBuildFile; fileRef = 86C40C0D2A7545930040189E /* CurrentWeapon.swift */; };
		86C40C182A7547930040189E /* GameViewController.storyboard in Resources */ = {isa = PBXBuildFile; fileRef = 86C40C172A7547930040189E /* GameViewController.storyboard */; };
		86C40C2B2A754BB00040189E /* startWhistle.mp3 in Resources */ = {isa = PBXBuildFile; fileRef = 86C40C1B2A754BB00040189E /* startWhistle.mp3 */; };
		86C40C2C2A754BB00040189E /* pistol-out-bullets.mp3 in Resources */ = {isa = PBXBuildFile; fileRef = 86C40C1C2A754BB00040189E /* pistol-out-bullets.mp3 */; };
		86C40C2D2A754BB00040189E /* pistol-slide.mp3 in Resources */ = {isa = PBXBuildFile; fileRef = 86C40C1D2A754BB00040189E /* pistol-slide.mp3 */; };
		86C40C2E2A754BB00040189E /* westernPistolShoot.mp3 in Resources */ = {isa = PBXBuildFile; fileRef = 86C40C1E2A754BB00040189E /* westernPistolShoot.mp3 */; };
		86C40C2F2A754BB00040189E /* bazookaHit_small2.mp3 in Resources */ = {isa = PBXBuildFile; fileRef = 86C40C1F2A754BB00040189E /* bazookaHit_small2.mp3 */; };
		86C40C302A754BB00040189E /* bazookaHit.mp3 in Resources */ = {isa = PBXBuildFile; fileRef = 86C40C202A754BB00040189E /* bazookaHit.mp3 */; };
		86C40C312A754BB00040189E /* bazookaSet.mp3 in Resources */ = {isa = PBXBuildFile; fileRef = 86C40C212A754BB00040189E /* bazookaSet.mp3 */; };
		86C40C322A754BB00040189E /* bazookaShoot.mp3 in Resources */ = {isa = PBXBuildFile; fileRef = 86C40C222A754BB00040189E /* bazookaShoot.mp3 */; };
		86C40C342A754BB00040189E /* endWhistle.mp3 in Resources */ = {isa = PBXBuildFile; fileRef = 86C40C242A754BB00040189E /* endWhistle.mp3 */; };
		86C40C352A754BB00040189E /* rankingAppear.mp3 in Resources */ = {isa = PBXBuildFile; fileRef = 86C40C252A754BB00040189E /* rankingAppear.mp3 */; };
		86C40C362A754BB00040189E /* pistol-fire.mp3 in Resources */ = {isa = PBXBuildFile; fileRef = 86C40C262A754BB00040189E /* pistol-fire.mp3 */; };
		86C40C372A754BB00040189E /* headShot.mp3 in Resources */ = {isa = PBXBuildFile; fileRef = 86C40C272A754BB00040189E /* headShot.mp3 */; };
		86C40C382A754BB00040189E /* pistol-reload.mp3 in Resources */ = {isa = PBXBuildFile; fileRef = 86C40C282A754BB00040189E /* pistol-reload.mp3 */; };
		86C40C392A754BB10040189E /* bazookaReload.mp3 in Resources */ = {isa = PBXBuildFile; fileRef = 86C40C292A754BB00040189E /* bazookaReload.mp3 */; };
		86C40C5C2A754C300040189E /* fonfon.mp3 in Resources */ = {isa = PBXBuildFile; fileRef = 86C40C3B2A754C2E0040189E /* fonfon.mp3 */; };
		86C40C5D2A754C300040189E /* bossBattle.mp3 in Resources */ = {isa = PBXBuildFile; fileRef = 86C40C3C2A754C2E0040189E /* bossBattle.mp3 */; };
		86C40C5E2A754C300040189E /* taa.mp3 in Resources */ = {isa = PBXBuildFile; fileRef = 86C40C3D2A754C2E0040189E /* taa.mp3 */; };
		86C40C5F2A754C300040189E /* kakugo.mp3 in Resources */ = {isa = PBXBuildFile; fileRef = 86C40C3E2A754C2E0040189E /* kakugo.mp3 */; };
		86C40C602A754C300040189E /* reikiyo.mp3 in Resources */ = {isa = PBXBuildFile; fileRef = 86C40C3F2A754C2E0040189E /* reikiyo.mp3 */; };
		86C40C612A754C300040189E /* pikagoro.mp3 in Resources */ = {isa = PBXBuildFile; fileRef = 86C40C402A754C2E0040189E /* pikagoro.mp3 */; };
		86C40C622A754C300040189E /* kuo.mp3 in Resources */ = {isa = PBXBuildFile; fileRef = 86C40C412A754C2E0040189E /* kuo.mp3 */; };
		86C40C632A754C300040189E /* beam.mp3 in Resources */ = {isa = PBXBuildFile; fileRef = 86C40C422A754C2E0040189E /* beam.mp3 */; };
		86C40C642A754C300040189E /* dora.mp3 in Resources */ = {isa = PBXBuildFile; fileRef = 86C40C432A754C2E0040189E /* dora.mp3 */; };
		86C40C652A754C300040189E /* pesin.mp3 in Resources */ = {isa = PBXBuildFile; fileRef = 86C40C442A754C2E0040189E /* pesin.mp3 */; };
		86C40C662A754C300040189E /* karadaga.mp3 in Resources */ = {isa = PBXBuildFile; fileRef = 86C40C452A754C2E0040189E /* karadaga.mp3 */; };
		86C40C672A754C300040189E /* hyun.mp3 in Resources */ = {isa = PBXBuildFile; fileRef = 86C40C462A754C2E0040189E /* hyun.mp3 */; };
		86C40C682A754C300040189E /* soko.mp3 in Resources */ = {isa = PBXBuildFile; fileRef = 86C40C472A754C2E0040189E /* soko.mp3 */; };
		86C40C692A754C300040189E /* serifu1.mp3 in Resources */ = {isa = PBXBuildFile; fileRef = 86C40C482A754C2E0040189E /* serifu1.mp3 */; };
		86C40C6A2A754C300040189E /* kyuiin.mp3 in Resources */ = {isa = PBXBuildFile; fileRef = 86C40C492A754C2E0040189E /* kyuiin.mp3 */; };
		86C40C6B2A754C300040189E /* ending.mp3 in Resources */ = {isa = PBXBuildFile; fileRef = 86C40C4A2A754C2E0040189E /* ending.mp3 */; };
		86C40C6C2A754C300040189E /* besi.mp3 in Resources */ = {isa = PBXBuildFile; fileRef = 86C40C4B2A754C2F0040189E /* besi.mp3 */; };
		86C40C6D2A754C300040189E /* aquaDamage.mp3 in Resources */ = {isa = PBXBuildFile; fileRef = 86C40C4C2A754C2F0040189E /* aquaDamage.mp3 */; };
		86C40C6E2A754C300040189E /* omoi.mp3 in Resources */ = {isa = PBXBuildFile; fileRef = 86C40C4D2A754C2F0040189E /* omoi.mp3 */; };
		86C40C6F2A754C300040189E /* uwaaa.mp3 in Resources */ = {isa = PBXBuildFile; fileRef = 86C40C4E2A754C2F0040189E /* uwaaa.mp3 */; };
		86C40C702A754C300040189E /* honooyo.mp3 in Resources */ = {isa = PBXBuildFile; fileRef = 86C40C4F2A754C2F0040189E /* honooyo.mp3 */; };
		86C40C712A754C300040189E /* poko.mp3 in Resources */ = {isa = PBXBuildFile; fileRef = 86C40C502A754C2F0040189E /* poko.mp3 */; };
		86C40C722A754C300040189E /* aquaPointBarFilled.mp3 in Resources */ = {isa = PBXBuildFile; fileRef = 86C40C512A754C2F0040189E /* aquaPointBarFilled.mp3 */; };
		86C40C732A754C300040189E /* bossBattleTrim_2-1.mp3 in Resources */ = {isa = PBXBuildFile; fileRef = 86C40C522A754C2F0040189E /* bossBattleTrim_2-1.mp3 */; };
		86C40C742A754C300040189E /* uu.mp3 in Resources */ = {isa = PBXBuildFile; fileRef = 86C40C532A754C2F0040189E /* uu.mp3 */; };
		86C40C752A754C300040189E /* guaaa.mp3 in Resources */ = {isa = PBXBuildFile; fileRef = 86C40C542A754C2F0040189E /* guaaa.mp3 */; };
		86C40C762A754C300040189E /* ikazutiyo.mp3 in Resources */ = {isa = PBXBuildFile; fileRef = 86C40C552A754C2F0040189E /* ikazutiyo.mp3 */; };
		86C40C772A754C300040189E /* aquaMove.mp3 in Resources */ = {isa = PBXBuildFile; fileRef = 86C40C562A754C2F0040189E /* aquaMove.mp3 */; };
		86C40C782A754C300040189E /* bossBattleTrim_2.mp3 in Resources */ = {isa = PBXBuildFile; fileRef = 86C40C572A754C300040189E /* bossBattleTrim_2.mp3 */; };
		86C40C792A754C300040189E /* K.O..mp3 in Resources */ = {isa = PBXBuildFile; fileRef = 86C40C582A754C300040189E /* K.O..mp3 */; };
		86C40C7A2A754C300040189E /* asai.mp3 in Resources */ = {isa = PBXBuildFile; fileRef = 86C40C592A754C300040189E /* asai.mp3 */; };
		86C40C7B2A754C300040189E /* yoro.mp3 in Resources */ = {isa = PBXBuildFile; fileRef = 86C40C5A2A754C300040189E /* yoro.mp3 */; };
		86C40C7C2A754C300040189E /* kirakiraSelect.mp3 in Resources */ = {isa = PBXBuildFile; fileRef = 86C40C5B2A754C300040189E /* kirakiraSelect.mp3 */; };
		86C40C812A754CB80040189E /* NotificationModel.swift in Sources */ = {isa = PBXBuildFile; fileRef = 86C40C7E2A754CB70040189E /* NotificationModel.swift */; };
		86C40C822A754CB80040189E /* TaimeisanPausingType.swift in Sources */ = {isa = PBXBuildFile; fileRef = 86C40C7F2A754CB70040189E /* TaimeisanPausingType.swift */; };
		86C40C9D2A755BFD0040189E /* DeviceTypeHolder.swift in Sources */ = {isa = PBXBuildFile; fileRef = 86C40C9C2A755BFD0040189E /* DeviceTypeHolder.swift */; };
		86C40CA02A7561D70040189E /* PKHUD in Frameworks */ = {isa = PBXBuildFile; productRef = 86C40C9F2A7561D70040189E /* PKHUD */; };
		CC3364836C96AC8C1C3E25B8 /* Pods_IamIronManGame_macOS.framework in Frameworks */ = {isa = PBXBuildFile; fileRef = 4E08F99870AFBCEE4AD3CB03 /* Pods_IamIronManGame_macOS.framework */; };
/* End PBXBuildFile section */

/* Begin PBXFileReference section */
		13FB61EBD33E9476D193E836 /* Pods-IamIronManGame tvOS.debug.xcconfig */ = {isa = PBXFileReference; includeInIndex = 1; lastKnownFileType = text.xcconfig; name = "Pods-IamIronManGame tvOS.debug.xcconfig"; path = "Target Support Files/Pods-IamIronManGame tvOS/Pods-IamIronManGame tvOS.debug.xcconfig"; sourceTree = "<group>"; };
		1C4458598EAE39BDE0A812FE /* Pods-IamIronManGame macOS.debug.xcconfig */ = {isa = PBXFileReference; includeInIndex = 1; lastKnownFileType = text.xcconfig; name = "Pods-IamIronManGame macOS.debug.xcconfig"; path = "Target Support Files/Pods-IamIronManGame macOS/Pods-IamIronManGame macOS.debug.xcconfig"; sourceTree = "<group>"; };
		3B7AF134D8A4ECC50937B133 /* Pods-IamIronManGame iOS.release.xcconfig */ = {isa = PBXFileReference; includeInIndex = 1; lastKnownFileType = text.xcconfig; name = "Pods-IamIronManGame iOS.release.xcconfig"; path = "Target Support Files/Pods-IamIronManGame iOS/Pods-IamIronManGame iOS.release.xcconfig"; sourceTree = "<group>"; };
		3EA7D2788C4C9E0686A0A273 /* Pods-IamIronManGame macOS.release.xcconfig */ = {isa = PBXFileReference; includeInIndex = 1; lastKnownFileType = text.xcconfig; name = "Pods-IamIronManGame macOS.release.xcconfig"; path = "Target Support Files/Pods-IamIronManGame macOS/Pods-IamIronManGame macOS.release.xcconfig"; sourceTree = "<group>"; };
		46F961959A6D5B499B2E7848 /* Pods-IamIronManGame iOS.debug.xcconfig */ = {isa = PBXFileReference; includeInIndex = 1; lastKnownFileType = text.xcconfig; name = "Pods-IamIronManGame iOS.debug.xcconfig"; path = "Target Support Files/Pods-IamIronManGame iOS/Pods-IamIronManGame iOS.debug.xcconfig"; sourceTree = "<group>"; };
		4E08F99870AFBCEE4AD3CB03 /* Pods_IamIronManGame_macOS.framework */ = {isa = PBXFileReference; explicitFileType = wrapper.framework; includeInIndex = 0; path = Pods_IamIronManGame_macOS.framework; sourceTree = BUILT_PRODUCTS_DIR; };
		864C87812A554D9800EFC5C3 /* GameController.swift */ = {isa = PBXFileReference; lastKnownFileType = sourcecode.swift; path = GameController.swift; sourceTree = "<group>"; };
		864C87822A554D9800EFC5C3 /* Art.scnassets */ = {isa = PBXFileReference; lastKnownFileType = wrapper.scnassets; path = Art.scnassets; sourceTree = "<group>"; };
		864C87832A554D9900EFC5C3 /* Assets.xcassets */ = {isa = PBXFileReference; lastKnownFileType = folder.assetcatalog; path = Assets.xcassets; sourceTree = "<group>"; };
		864C87882A554D9900EFC5C3 /* IamIronManGame.app */ = {isa = PBXFileReference; explicitFileType = wrapper.application; includeInIndex = 0; path = IamIronManGame.app; sourceTree = BUILT_PRODUCTS_DIR; };
		864C878B2A554D9900EFC5C3 /* AppDelegate.swift */ = {isa = PBXFileReference; lastKnownFileType = sourcecode.swift; path = AppDelegate.swift; sourceTree = "<group>"; };
		864C878D2A554D9900EFC5C3 /* BluetoothTestViewController.swift */ = {isa = PBXFileReference; lastKnownFileType = sourcecode.swift; path = BluetoothTestViewController.swift; sourceTree = "<group>"; };
		864C87902A554D9900EFC5C3 /* Base */ = {isa = PBXFileReference; lastKnownFileType = file.storyboard; name = Base; path = Base.lproj/Main.storyboard; sourceTree = "<group>"; };
		864C87932A554D9900EFC5C3 /* Base */ = {isa = PBXFileReference; lastKnownFileType = file.storyboard; name = Base; path = Base.lproj/LaunchScreen.storyboard; sourceTree = "<group>"; };
		864C87992A554D9900EFC5C3 /* IamIronManGame.app */ = {isa = PBXFileReference; explicitFileType = wrapper.application; includeInIndex = 0; path = IamIronManGame.app; sourceTree = BUILT_PRODUCTS_DIR; };
		864C879B2A554D9900EFC5C3 /* AppDelegate.swift */ = {isa = PBXFileReference; lastKnownFileType = sourcecode.swift; path = AppDelegate.swift; sourceTree = "<group>"; };
		864C879D2A554D9900EFC5C3 /* GameViewController.swift */ = {isa = PBXFileReference; lastKnownFileType = sourcecode.swift; path = GameViewController.swift; sourceTree = "<group>"; };
		864C87A02A554D9900EFC5C3 /* Base */ = {isa = PBXFileReference; lastKnownFileType = file.storyboard; name = Base; path = Base.lproj/Main.storyboard; sourceTree = "<group>"; };
		864C87A32A554D9900EFC5C3 /* Base */ = {isa = PBXFileReference; lastKnownFileType = file.storyboard; name = Base; path = Base.lproj/LaunchScreen.storyboard; sourceTree = "<group>"; };
		864C87A92A554D9900EFC5C3 /* IamIronManGame.app */ = {isa = PBXFileReference; explicitFileType = wrapper.application; includeInIndex = 0; path = IamIronManGame.app; sourceTree = BUILT_PRODUCTS_DIR; };
		864C87AB2A554D9900EFC5C3 /* AppDelegate.swift */ = {isa = PBXFileReference; lastKnownFileType = sourcecode.swift; path = AppDelegate.swift; sourceTree = "<group>"; };
		864C87AD2A554D9900EFC5C3 /* GameViewController.swift */ = {isa = PBXFileReference; lastKnownFileType = sourcecode.swift; path = GameViewController.swift; sourceTree = "<group>"; };
		864C87B02A554D9900EFC5C3 /* Base */ = {isa = PBXFileReference; lastKnownFileType = file.storyboard; name = Base; path = Base.lproj/Main.storyboard; sourceTree = "<group>"; };
		864C87B22A554D9900EFC5C3 /* IamIronManGame_macOS.entitlements */ = {isa = PBXFileReference; lastKnownFileType = text.plist.entitlements; path = IamIronManGame_macOS.entitlements; sourceTree = "<group>"; };
		86596F0E2A74FE2C00B7B8DC /* IamIronManGame-iOS-Info.plist */ = {isa = PBXFileReference; lastKnownFileType = text.plist; path = "IamIronManGame-iOS-Info.plist"; sourceTree = SOURCE_ROOT; };
		8678D0372A7652360026A241 /* RemoConInfoInMap.swift */ = {isa = PBXFileReference; lastKnownFileType = sourcecode.swift; path = RemoConInfoInMap.swift; sourceTree = "<group>"; };
		8678D03A2A76AD2A0026A241 /* LabelNode.swift */ = {isa = PBXFileReference; lastKnownFileType = sourcecode.swift; path = LabelNode.swift; sourceTree = "<group>"; };
		867DF8972A729C3C004846C6 /* SceneViewSettingUtil.swift */ = {isa = PBXFileReference; fileEncoding = 4; lastKnownFileType = sourcecode.swift; path = SceneViewSettingUtil.swift; sourceTree = "<group>"; };
		8696BD9B2A776EBB004F9068 /* SceneActionEvent.swift */ = {isa = PBXFileReference; lastKnownFileType = sourcecode.swift; path = SceneActionEvent.swift; sourceTree = "<group>"; };
		8696BD9D2A77DDC1004F9068 /* ContinueViewController.swift */ = {isa = PBXFileReference; fileEncoding = 4; lastKnownFileType = sourcecode.swift; path = ContinueViewController.swift; sourceTree = "<group>"; };
		8696BD9E2A77DDC1004F9068 /* ContinueViewController.storyboard */ = {isa = PBXFileReference; fileEncoding = 4; lastKnownFileType = file.storyboard; path = ContinueViewController.storyboard; sourceTree = "<group>"; };
		86B811602A78A02A00BB8216 /* ultraSoulHey.mp3 */ = {isa = PBXFileReference; lastKnownFileType = audio.mp3; path = ultraSoulHey.mp3; sourceTree = "<group>"; };
		86B811632A78A09700BB8216 /* EndingViewController.swift */ = {isa = PBXFileReference; lastKnownFileType = sourcecode.swift; path = EndingViewController.swift; sourceTree = "<group>"; };
		86B811652A78A09C00BB8216 /* EndingViewController.storyboard */ = {isa = PBXFileReference; lastKnownFileType = file.storyboard; path = EndingViewController.storyboard; sourceTree = "<group>"; };
		86C40BBF2A7540070040189E /* TopViewController.swift */ = {isa = PBXFileReference; lastKnownFileType = sourcecode.swift; path = TopViewController.swift; sourceTree = "<group>"; };
		86C40BC12A7540130040189E /* TopViewController.storyboard */ = {isa = PBXFileReference; lastKnownFileType = file.storyboard; path = TopViewController.storyboard; sourceTree = "<group>"; };
		86C40BC42A75438E0040189E /* GameConst.swift */ = {isa = PBXFileReference; fileEncoding = 4; lastKnownFileType = sourcecode.swift; path = GameConst.swift; sourceTree = "<group>"; };
		86C40BC52A75438E0040189E /* WeaponType.swift */ = {isa = PBXFileReference; fileEncoding = 4; lastKnownFileType = sourcecode.swift; path = WeaponType.swift; sourceTree = "<group>"; };
		86C40BC72A75438E0040189E /* SoundConst.swift */ = {isa = PBXFileReference; fileEncoding = 4; lastKnownFileType = sourcecode.swift; path = SoundConst.swift; sourceTree = "<group>"; };
		86C40BCB2A75438E0040189E /* UIImageView+Extension.swift */ = {isa = PBXFileReference; fileEncoding = 4; lastKnownFileType = sourcecode.swift; path = "UIImageView+Extension.swift"; sourceTree = "<group>"; };
		86C40BCC2A75438E0040189E /* UIViewController+Extension.swift */ = {isa = PBXFileReference; fileEncoding = 4; lastKnownFileType = sourcecode.swift; path = "UIViewController+Extension.swift"; sourceTree = "<group>"; };
		86C40BCD2A75438E0040189E /* UIViewController+RxLifeCycleEvents.swift */ = {isa = PBXFileReference; fileEncoding = 4; lastKnownFileType = sourcecode.swift; path = "UIViewController+RxLifeCycleEvents.swift"; sourceTree = "<group>"; };
		86C40BCE2A75438E0040189E /* Storyboard+Extension.swift */ = {isa = PBXFileReference; fileEncoding = 4; lastKnownFileType = sourcecode.swift; path = "Storyboard+Extension.swift"; sourceTree = "<group>"; };
		86C40BCF2A75438E0040189E /* Font+Extension.swift */ = {isa = PBXFileReference; fileEncoding = 4; lastKnownFileType = sourcecode.swift; path = "Font+Extension.swift"; sourceTree = "<group>"; };
		86C40BD02A75438E0040189E /* UserDefaults+Extension.swift */ = {isa = PBXFileReference; fileEncoding = 4; lastKnownFileType = sourcecode.swift; path = "UserDefaults+Extension.swift"; sourceTree = "<group>"; };
		86C40BD12A75438E0040189E /* UIScrollView+Extension.swift */ = {isa = PBXFileReference; fileEncoding = 4; lastKnownFileType = sourcecode.swift; path = "UIScrollView+Extension.swift"; sourceTree = "<group>"; };
		86C40BD52A75438E0040189E /* AudioUtil.swift */ = {isa = PBXFileReference; fileEncoding = 4; lastKnownFileType = sourcecode.swift; path = AudioUtil.swift; sourceTree = "<group>"; };
		86C40BD62A75438E0040189E /* CameraAuthUtil.swift */ = {isa = PBXFileReference; fileEncoding = 4; lastKnownFileType = sourcecode.swift; path = CameraAuthUtil.swift; sourceTree = "<group>"; };
		86C40BD92A75438E0040189E /* SceneNodeUtil.swift */ = {isa = PBXFileReference; fileEncoding = 4; lastKnownFileType = sourcecode.swift; path = SceneNodeUtil.swift; sourceTree = "<group>"; };
		86C40BDA2A75438E0040189E /* SceneAnimationUtil.swift */ = {isa = PBXFileReference; fileEncoding = 4; lastKnownFileType = sourcecode.swift; path = SceneAnimationUtil.swift; sourceTree = "<group>"; };
		86C40BE32A75438E0040189E /* GameViewModel.swift */ = {isa = PBXFileReference; fileEncoding = 4; lastKnownFileType = sourcecode.swift; path = GameViewModel.swift; sourceTree = "<group>"; };
		86C40C012A7544C60040189E /* GameViewController.swift */ = {isa = PBXFileReference; lastKnownFileType = sourcecode.swift; path = GameViewController.swift; sourceTree = "<group>"; };
		86C40C082A7545930040189E /* BulletsHolder.swift */ = {isa = PBXFileReference; fileEncoding = 4; lastKnownFileType = sourcecode.swift; name = BulletsHolder.swift; path = "../../../../IamIronManGame/IamIronManGame iOS/Manager/Game/BulletsHolder.swift"; sourceTree = "<group>"; };
		86C40C0B2A7545930040189E /* MotionDetector.swift */ = {isa = PBXFileReference; fileEncoding = 4; lastKnownFileType = sourcecode.swift; name = MotionDetector.swift; path = "../../../../IamIronManGame/IamIronManGame iOS/Manager/Game/MotionDetector.swift"; sourceTree = "<group>"; };
		86C40C0D2A7545930040189E /* CurrentWeapon.swift */ = {isa = PBXFileReference; fileEncoding = 4; lastKnownFileType = sourcecode.swift; name = CurrentWeapon.swift; path = "../../../../IamIronManGame/IamIronManGame iOS/Manager/Game/CurrentWeapon.swift"; sourceTree = "<group>"; };
		86C40C172A7547930040189E /* GameViewController.storyboard */ = {isa = PBXFileReference; fileEncoding = 4; lastKnownFileType = file.storyboard; path = GameViewController.storyboard; sourceTree = "<group>"; };
		86C40C1B2A754BB00040189E /* startWhistle.mp3 */ = {isa = PBXFileReference; lastKnownFileType = audio.mp3; path = startWhistle.mp3; sourceTree = "<group>"; };
		86C40C1C2A754BB00040189E /* pistol-out-bullets.mp3 */ = {isa = PBXFileReference; lastKnownFileType = audio.mp3; path = "pistol-out-bullets.mp3"; sourceTree = "<group>"; };
		86C40C1D2A754BB00040189E /* pistol-slide.mp3 */ = {isa = PBXFileReference; lastKnownFileType = audio.mp3; path = "pistol-slide.mp3"; sourceTree = "<group>"; };
		86C40C1E2A754BB00040189E /* westernPistolShoot.mp3 */ = {isa = PBXFileReference; lastKnownFileType = audio.mp3; path = westernPistolShoot.mp3; sourceTree = "<group>"; };
		86C40C1F2A754BB00040189E /* bazookaHit_small2.mp3 */ = {isa = PBXFileReference; lastKnownFileType = audio.mp3; path = bazookaHit_small2.mp3; sourceTree = "<group>"; };
		86C40C202A754BB00040189E /* bazookaHit.mp3 */ = {isa = PBXFileReference; lastKnownFileType = audio.mp3; path = bazookaHit.mp3; sourceTree = "<group>"; };
		86C40C212A754BB00040189E /* bazookaSet.mp3 */ = {isa = PBXFileReference; lastKnownFileType = audio.mp3; path = bazookaSet.mp3; sourceTree = "<group>"; };
		86C40C222A754BB00040189E /* bazookaShoot.mp3 */ = {isa = PBXFileReference; lastKnownFileType = audio.mp3; path = bazookaShoot.mp3; sourceTree = "<group>"; };
		86C40C242A754BB00040189E /* endWhistle.mp3 */ = {isa = PBXFileReference; lastKnownFileType = audio.mp3; path = endWhistle.mp3; sourceTree = "<group>"; };
		86C40C252A754BB00040189E /* rankingAppear.mp3 */ = {isa = PBXFileReference; lastKnownFileType = audio.mp3; path = rankingAppear.mp3; sourceTree = "<group>"; };
		86C40C262A754BB00040189E /* pistol-fire.mp3 */ = {isa = PBXFileReference; lastKnownFileType = audio.mp3; path = "pistol-fire.mp3"; sourceTree = "<group>"; };
		86C40C272A754BB00040189E /* headShot.mp3 */ = {isa = PBXFileReference; lastKnownFileType = audio.mp3; path = headShot.mp3; sourceTree = "<group>"; };
		86C40C282A754BB00040189E /* pistol-reload.mp3 */ = {isa = PBXFileReference; lastKnownFileType = audio.mp3; path = "pistol-reload.mp3"; sourceTree = "<group>"; };
		86C40C292A754BB00040189E /* bazookaReload.mp3 */ = {isa = PBXFileReference; lastKnownFileType = audio.mp3; path = bazookaReload.mp3; sourceTree = "<group>"; };
		86C40C3B2A754C2E0040189E /* fonfon.mp3 */ = {isa = PBXFileReference; lastKnownFileType = audio.mp3; path = fonfon.mp3; sourceTree = "<group>"; };
		86C40C3C2A754C2E0040189E /* bossBattle.mp3 */ = {isa = PBXFileReference; lastKnownFileType = audio.mp3; path = bossBattle.mp3; sourceTree = "<group>"; };
		86C40C3D2A754C2E0040189E /* taa.mp3 */ = {isa = PBXFileReference; lastKnownFileType = audio.mp3; path = taa.mp3; sourceTree = "<group>"; };
		86C40C3E2A754C2E0040189E /* kakugo.mp3 */ = {isa = PBXFileReference; lastKnownFileType = audio.mp3; path = kakugo.mp3; sourceTree = "<group>"; };
		86C40C3F2A754C2E0040189E /* reikiyo.mp3 */ = {isa = PBXFileReference; lastKnownFileType = audio.mp3; path = reikiyo.mp3; sourceTree = "<group>"; };
		86C40C402A754C2E0040189E /* pikagoro.mp3 */ = {isa = PBXFileReference; lastKnownFileType = audio.mp3; path = pikagoro.mp3; sourceTree = "<group>"; };
		86C40C412A754C2E0040189E /* kuo.mp3 */ = {isa = PBXFileReference; lastKnownFileType = audio.mp3; path = kuo.mp3; sourceTree = "<group>"; };
		86C40C422A754C2E0040189E /* beam.mp3 */ = {isa = PBXFileReference; lastKnownFileType = audio.mp3; path = beam.mp3; sourceTree = "<group>"; };
		86C40C432A754C2E0040189E /* dora.mp3 */ = {isa = PBXFileReference; lastKnownFileType = audio.mp3; path = dora.mp3; sourceTree = "<group>"; };
		86C40C442A754C2E0040189E /* pesin.mp3 */ = {isa = PBXFileReference; lastKnownFileType = audio.mp3; path = pesin.mp3; sourceTree = "<group>"; };
		86C40C452A754C2E0040189E /* karadaga.mp3 */ = {isa = PBXFileReference; lastKnownFileType = audio.mp3; path = karadaga.mp3; sourceTree = "<group>"; };
		86C40C462A754C2E0040189E /* hyun.mp3 */ = {isa = PBXFileReference; lastKnownFileType = audio.mp3; path = hyun.mp3; sourceTree = "<group>"; };
		86C40C472A754C2E0040189E /* soko.mp3 */ = {isa = PBXFileReference; lastKnownFileType = audio.mp3; path = soko.mp3; sourceTree = "<group>"; };
		86C40C482A754C2E0040189E /* serifu1.mp3 */ = {isa = PBXFileReference; lastKnownFileType = audio.mp3; path = serifu1.mp3; sourceTree = "<group>"; };
		86C40C492A754C2E0040189E /* kyuiin.mp3 */ = {isa = PBXFileReference; lastKnownFileType = audio.mp3; name = kyuiin.mp3; path = ../../../../AquaVSTaimei/AquaVSTaimei/Resources/MP3/kyuiin.mp3; sourceTree = "<group>"; };
		86C40C4A2A754C2E0040189E /* ending.mp3 */ = {isa = PBXFileReference; lastKnownFileType = audio.mp3; path = ending.mp3; sourceTree = "<group>"; };
		86C40C4B2A754C2F0040189E /* besi.mp3 */ = {isa = PBXFileReference; lastKnownFileType = audio.mp3; path = besi.mp3; sourceTree = "<group>"; };
		86C40C4C2A754C2F0040189E /* aquaDamage.mp3 */ = {isa = PBXFileReference; lastKnownFileType = audio.mp3; path = aquaDamage.mp3; sourceTree = "<group>"; };
		86C40C4D2A754C2F0040189E /* omoi.mp3 */ = {isa = PBXFileReference; lastKnownFileType = audio.mp3; path = omoi.mp3; sourceTree = "<group>"; };
		86C40C4E2A754C2F0040189E /* uwaaa.mp3 */ = {isa = PBXFileReference; lastKnownFileType = audio.mp3; path = uwaaa.mp3; sourceTree = "<group>"; };
		86C40C4F2A754C2F0040189E /* honooyo.mp3 */ = {isa = PBXFileReference; lastKnownFileType = audio.mp3; path = honooyo.mp3; sourceTree = "<group>"; };
		86C40C502A754C2F0040189E /* poko.mp3 */ = {isa = PBXFileReference; lastKnownFileType = audio.mp3; path = poko.mp3; sourceTree = "<group>"; };
		86C40C512A754C2F0040189E /* aquaPointBarFilled.mp3 */ = {isa = PBXFileReference; lastKnownFileType = audio.mp3; path = aquaPointBarFilled.mp3; sourceTree = "<group>"; };
		86C40C522A754C2F0040189E /* bossBattleTrim_2-1.mp3 */ = {isa = PBXFileReference; lastKnownFileType = audio.mp3; path = "bossBattleTrim_2-1.mp3"; sourceTree = "<group>"; };
		86C40C532A754C2F0040189E /* uu.mp3 */ = {isa = PBXFileReference; lastKnownFileType = audio.mp3; path = uu.mp3; sourceTree = "<group>"; };
		86C40C542A754C2F0040189E /* guaaa.mp3 */ = {isa = PBXFileReference; lastKnownFileType = audio.mp3; path = guaaa.mp3; sourceTree = "<group>"; };
		86C40C552A754C2F0040189E /* ikazutiyo.mp3 */ = {isa = PBXFileReference; lastKnownFileType = audio.mp3; path = ikazutiyo.mp3; sourceTree = "<group>"; };
		86C40C562A754C2F0040189E /* aquaMove.mp3 */ = {isa = PBXFileReference; lastKnownFileType = audio.mp3; path = aquaMove.mp3; sourceTree = "<group>"; };
		86C40C572A754C300040189E /* bossBattleTrim_2.mp3 */ = {isa = PBXFileReference; lastKnownFileType = audio.mp3; path = bossBattleTrim_2.mp3; sourceTree = "<group>"; };
		86C40C582A754C300040189E /* K.O..mp3 */ = {isa = PBXFileReference; lastKnownFileType = audio.mp3; path = K.O..mp3; sourceTree = "<group>"; };
		86C40C592A754C300040189E /* asai.mp3 */ = {isa = PBXFileReference; lastKnownFileType = audio.mp3; path = asai.mp3; sourceTree = "<group>"; };
		86C40C5A2A754C300040189E /* yoro.mp3 */ = {isa = PBXFileReference; lastKnownFileType = audio.mp3; path = yoro.mp3; sourceTree = "<group>"; };
		86C40C5B2A754C300040189E /* kirakiraSelect.mp3 */ = {isa = PBXFileReference; lastKnownFileType = audio.mp3; path = kirakiraSelect.mp3; sourceTree = "<group>"; };
		86C40C7E2A754CB70040189E /* NotificationModel.swift */ = {isa = PBXFileReference; fileEncoding = 4; lastKnownFileType = sourcecode.swift; path = NotificationModel.swift; sourceTree = "<group>"; };
		86C40C7F2A754CB70040189E /* TaimeisanPausingType.swift */ = {isa = PBXFileReference; fileEncoding = 4; lastKnownFileType = sourcecode.swift; path = TaimeisanPausingType.swift; sourceTree = "<group>"; };
		86C40C9C2A755BFD0040189E /* DeviceTypeHolder.swift */ = {isa = PBXFileReference; lastKnownFileType = sourcecode.swift; name = DeviceTypeHolder.swift; path = "../../../IamIronManGame/IamIronManGame iOS/Manager/DeviceTypeHolder.swift"; sourceTree = "<group>"; };
		A81142BF5EF3DB160D7C2E81 /* Pods-IamIronManGame tvOS.release.xcconfig */ = {isa = PBXFileReference; includeInIndex = 1; lastKnownFileType = text.xcconfig; name = "Pods-IamIronManGame tvOS.release.xcconfig"; path = "Target Support Files/Pods-IamIronManGame tvOS/Pods-IamIronManGame tvOS.release.xcconfig"; sourceTree = "<group>"; };
		CDF04FFE82D9715487D6192A /* Pods_IamIronManGame_iOS.framework */ = {isa = PBXFileReference; explicitFileType = wrapper.framework; includeInIndex = 0; path = Pods_IamIronManGame_iOS.framework; sourceTree = BUILT_PRODUCTS_DIR; };
		ECA93B0CE08F2E99468542E0 /* Pods_IamIronManGame_tvOS.framework */ = {isa = PBXFileReference; explicitFileType = wrapper.framework; includeInIndex = 0; path = Pods_IamIronManGame_tvOS.framework; sourceTree = BUILT_PRODUCTS_DIR; };
/* End PBXFileReference section */

/* Begin PBXFrameworksBuildPhase section */
		864C87852A554D9900EFC5C3 /* Frameworks */ = {
			isa = PBXFrameworksBuildPhase;
			buildActionMask = 2147483647;
			files = (
				01DCC99E78BC6FF6B1AECB9A /* Pods_IamIronManGame_iOS.framework in Frameworks */,
				86C40CA02A7561D70040189E /* PKHUD in Frameworks */,
			);
			runOnlyForDeploymentPostprocessing = 0;
		};
		864C87962A554D9900EFC5C3 /* Frameworks */ = {
			isa = PBXFrameworksBuildPhase;
			buildActionMask = 2147483647;
			files = (
				1DAD4E188CF92E0B7A541C06 /* Pods_IamIronManGame_tvOS.framework in Frameworks */,
			);
			runOnlyForDeploymentPostprocessing = 0;
		};
		864C87A62A554D9900EFC5C3 /* Frameworks */ = {
			isa = PBXFrameworksBuildPhase;
			buildActionMask = 2147483647;
			files = (
				CC3364836C96AC8C1C3E25B8 /* Pods_IamIronManGame_macOS.framework in Frameworks */,
			);
			runOnlyForDeploymentPostprocessing = 0;
		};
/* End PBXFrameworksBuildPhase section */

/* Begin PBXGroup section */
		3725EDF1BF2DE7D43008CC6C /* Frameworks */ = {
			isa = PBXGroup;
			children = (
				CDF04FFE82D9715487D6192A /* Pods_IamIronManGame_iOS.framework */,
				4E08F99870AFBCEE4AD3CB03 /* Pods_IamIronManGame_macOS.framework */,
				ECA93B0CE08F2E99468542E0 /* Pods_IamIronManGame_tvOS.framework */,
			);
			name = Frameworks;
			sourceTree = "<group>";
		};
		864C877B2A554D9700EFC5C3 = {
			isa = PBXGroup;
			children = (
				864C87802A554D9800EFC5C3 /* IamIronManGame Shared */,
				864C878A2A554D9900EFC5C3 /* IamIronManGame iOS */,
				864C879A2A554D9900EFC5C3 /* IamIronManGame tvOS */,
				864C87AA2A554D9900EFC5C3 /* IamIronManGame macOS */,
				864C87892A554D9900EFC5C3 /* Products */,
				B066C199BA4BA670D0FCDC28 /* Pods */,
				3725EDF1BF2DE7D43008CC6C /* Frameworks */,
			);
			sourceTree = "<group>";
		};
		864C87802A554D9800EFC5C3 /* IamIronManGame Shared */ = {
			isa = PBXGroup;
			children = (
				864C87812A554D9800EFC5C3 /* GameController.swift */,
				86C40C192A754BB00040189E /* Resources */,
				864C87822A554D9800EFC5C3 /* Art.scnassets */,
				864C87832A554D9900EFC5C3 /* Assets.xcassets */,
			);
			path = "IamIronManGame Shared";
			sourceTree = "<group>";
		};
		864C87892A554D9900EFC5C3 /* Products */ = {
			isa = PBXGroup;
			children = (
				864C87882A554D9900EFC5C3 /* IamIronManGame.app */,
				864C87992A554D9900EFC5C3 /* IamIronManGame.app */,
				864C87A92A554D9900EFC5C3 /* IamIronManGame.app */,
			);
			name = Products;
			sourceTree = "<group>";
		};
		864C878A2A554D9900EFC5C3 /* IamIronManGame iOS */ = {
			isa = PBXGroup;
			children = (
				86596F0E2A74FE2C00B7B8DC /* IamIronManGame-iOS-Info.plist */,
				864C878B2A554D9900EFC5C3 /* AppDelegate.swift */,
				86C40BC32A75438E0040189E /* Const */,
				86C40BCA2A75438E0040189E /* Extension */,
				8678D0392A76AD150026A241 /* CustomClass */,
				86C40BD22A75438E0040189E /* Utility */,
				86C40C052A7545930040189E /* Manager */,
				8678D0362A7651F60026A241 /* Entity */,
				86C40C7D2A754CB70040189E /* Model */,
				86C40BDB2A75438E0040189E /* ViewModel */,
				864C878D2A554D9900EFC5C3 /* BluetoothTestViewController.swift */,
				864C878F2A554D9900EFC5C3 /* Main.storyboard */,
				86C40BBF2A7540070040189E /* TopViewController.swift */,
				86C40BC12A7540130040189E /* TopViewController.storyboard */,
				86C40C012A7544C60040189E /* GameViewController.swift */,
				86C40C172A7547930040189E /* GameViewController.storyboard */,
				8696BD9D2A77DDC1004F9068 /* ContinueViewController.swift */,
				8696BD9E2A77DDC1004F9068 /* ContinueViewController.storyboard */,
				86B811632A78A09700BB8216 /* EndingViewController.swift */,
				86B811652A78A09C00BB8216 /* EndingViewController.storyboard */,
				86B811622A78A08600BB8216 /* New Group1 */,
				864C87922A554D9900EFC5C3 /* LaunchScreen.storyboard */,
			);
			path = "IamIronManGame iOS";
			sourceTree = "<group>";
		};
		864C879A2A554D9900EFC5C3 /* IamIronManGame tvOS */ = {
			isa = PBXGroup;
			children = (
				864C879B2A554D9900EFC5C3 /* AppDelegate.swift */,
				864C879D2A554D9900EFC5C3 /* GameViewController.swift */,
				864C879F2A554D9900EFC5C3 /* Main.storyboard */,
				864C87A22A554D9900EFC5C3 /* LaunchScreen.storyboard */,
			);
			path = "IamIronManGame tvOS";
			sourceTree = "<group>";
		};
		864C87AA2A554D9900EFC5C3 /* IamIronManGame macOS */ = {
			isa = PBXGroup;
			children = (
				864C87AB2A554D9900EFC5C3 /* AppDelegate.swift */,
				864C87AD2A554D9900EFC5C3 /* GameViewController.swift */,
				864C87AF2A554D9900EFC5C3 /* Main.storyboard */,
				864C87B22A554D9900EFC5C3 /* IamIronManGame_macOS.entitlements */,
			);
			path = "IamIronManGame macOS";
			sourceTree = "<group>";
		};
		8678D0362A7651F60026A241 /* Entity */ = {
			isa = PBXGroup;
			children = (
				8678D0372A7652360026A241 /* RemoConInfoInMap.swift */,
				8696BD9B2A776EBB004F9068 /* SceneActionEvent.swift */,
			);
			path = Entity;
			sourceTree = "<group>";
		};
		8678D0392A76AD150026A241 /* CustomClass */ = {
			isa = PBXGroup;
			children = (
				8678D03A2A76AD2A0026A241 /* LabelNode.swift */,
			);
			path = CustomClass;
			sourceTree = "<group>";
		};
		86B811622A78A08600BB8216 /* New Group1 */ = {
			isa = PBXGroup;
			children = (
			);
			path = "New Group1";
			sourceTree = "<group>";
		};
		86C40BC32A75438E0040189E /* Const */ = {
			isa = PBXGroup;
			children = (
				86C40BC42A75438E0040189E /* GameConst.swift */,
				86C40BC52A75438E0040189E /* WeaponType.swift */,
				86C40BC72A75438E0040189E /* SoundConst.swift */,
			);
			path = Const;
			sourceTree = "<group>";
		};
		86C40BCA2A75438E0040189E /* Extension */ = {
			isa = PBXGroup;
			children = (
				86C40BCB2A75438E0040189E /* UIImageView+Extension.swift */,
				86C40BCC2A75438E0040189E /* UIViewController+Extension.swift */,
				86C40BCD2A75438E0040189E /* UIViewController+RxLifeCycleEvents.swift */,
				86C40BCE2A75438E0040189E /* Storyboard+Extension.swift */,
				86C40BCF2A75438E0040189E /* Font+Extension.swift */,
				86C40BD02A75438E0040189E /* UserDefaults+Extension.swift */,
				86C40BD12A75438E0040189E /* UIScrollView+Extension.swift */,
			);
			path = Extension;
			sourceTree = "<group>";
		};
		86C40BD22A75438E0040189E /* Utility */ = {
			isa = PBXGroup;
			children = (
				86C40BD52A75438E0040189E /* AudioUtil.swift */,
				86C40BD62A75438E0040189E /* CameraAuthUtil.swift */,
				867DF8972A729C3C004846C6 /* SceneViewSettingUtil.swift */,
				86C40BD92A75438E0040189E /* SceneNodeUtil.swift */,
				86C40BDA2A75438E0040189E /* SceneAnimationUtil.swift */,
			);
			path = Utility;
			sourceTree = "<group>";
		};
		86C40BDB2A75438E0040189E /* ViewModel */ = {
			isa = PBXGroup;
			children = (
				86C40BE32A75438E0040189E /* GameViewModel.swift */,
			);
			path = ViewModel;
			sourceTree = "<group>";
		};
		86C40C052A7545930040189E /* Manager */ = {
			isa = PBXGroup;
			children = (
				86C40C9C2A755BFD0040189E /* DeviceTypeHolder.swift */,
				86C40C062A7545930040189E /* Game */,
			);
			name = Manager;
			path = "../../AR-GunMan/AR-GunMan/Manager";
			sourceTree = "<group>";
		};
		86C40C062A7545930040189E /* Game */ = {
			isa = PBXGroup;
			children = (
				86C40C082A7545930040189E /* BulletsHolder.swift */,
				86C40C0B2A7545930040189E /* MotionDetector.swift */,
				86C40C0D2A7545930040189E /* CurrentWeapon.swift */,
			);
			path = Game;
			sourceTree = "<group>";
		};
		86C40C192A754BB00040189E /* Resources */ = {
			isa = PBXGroup;
			children = (
				86C40C1A2A754BB00040189E /* mp3 */,
			);
			path = Resources;
			sourceTree = "<group>";
		};
		86C40C1A2A754BB00040189E /* mp3 */ = {
			isa = PBXGroup;
			children = (
				86B811602A78A02A00BB8216 /* ultraSoulHey.mp3 */,
				86C40C1B2A754BB00040189E /* startWhistle.mp3 */,
				86C40C1C2A754BB00040189E /* pistol-out-bullets.mp3 */,
				86C40C1D2A754BB00040189E /* pistol-slide.mp3 */,
				86C40C1E2A754BB00040189E /* westernPistolShoot.mp3 */,
				86C40C1F2A754BB00040189E /* bazookaHit_small2.mp3 */,
				86C40C202A754BB00040189E /* bazookaHit.mp3 */,
				86C40C212A754BB00040189E /* bazookaSet.mp3 */,
				86C40C222A754BB00040189E /* bazookaShoot.mp3 */,
				86C40C242A754BB00040189E /* endWhistle.mp3 */,
				86C40C252A754BB00040189E /* rankingAppear.mp3 */,
				86C40C262A754BB00040189E /* pistol-fire.mp3 */,
				86C40C272A754BB00040189E /* headShot.mp3 */,
				86C40C282A754BB00040189E /* pistol-reload.mp3 */,
				86C40C292A754BB00040189E /* bazookaReload.mp3 */,
				86C40C4C2A754C2F0040189E /* aquaDamage.mp3 */,
				86C40C562A754C2F0040189E /* aquaMove.mp3 */,
				86C40C512A754C2F0040189E /* aquaPointBarFilled.mp3 */,
				86C40C592A754C300040189E /* asai.mp3 */,
				86C40C422A754C2E0040189E /* beam.mp3 */,
				86C40C4B2A754C2F0040189E /* besi.mp3 */,
				86C40C3C2A754C2E0040189E /* bossBattle.mp3 */,
				86C40C522A754C2F0040189E /* bossBattleTrim_2-1.mp3 */,
				86C40C572A754C300040189E /* bossBattleTrim_2.mp3 */,
				86C40C432A754C2E0040189E /* dora.mp3 */,
				86C40C4A2A754C2E0040189E /* ending.mp3 */,
				86C40C3B2A754C2E0040189E /* fonfon.mp3 */,
				86C40C542A754C2F0040189E /* guaaa.mp3 */,
				86C40C4F2A754C2F0040189E /* honooyo.mp3 */,
				86C40C462A754C2E0040189E /* hyun.mp3 */,
				86C40C552A754C2F0040189E /* ikazutiyo.mp3 */,
				86C40C582A754C300040189E /* K.O..mp3 */,
				86C40C3E2A754C2E0040189E /* kakugo.mp3 */,
				86C40C452A754C2E0040189E /* karadaga.mp3 */,
				86C40C5B2A754C300040189E /* kirakiraSelect.mp3 */,
				86C40C412A754C2E0040189E /* kuo.mp3 */,
				86C40C492A754C2E0040189E /* kyuiin.mp3 */,
				86C40C4D2A754C2F0040189E /* omoi.mp3 */,
				86C40C442A754C2E0040189E /* pesin.mp3 */,
				86C40C402A754C2E0040189E /* pikagoro.mp3 */,
				86C40C502A754C2F0040189E /* poko.mp3 */,
				86C40C3F2A754C2E0040189E /* reikiyo.mp3 */,
				86C40C482A754C2E0040189E /* serifu1.mp3 */,
				86C40C472A754C2E0040189E /* soko.mp3 */,
				86C40C3D2A754C2E0040189E /* taa.mp3 */,
				86C40C532A754C2F0040189E /* uu.mp3 */,
				86C40C4E2A754C2F0040189E /* uwaaa.mp3 */,
				86C40C5A2A754C300040189E /* yoro.mp3 */,
			);
			path = mp3;
			sourceTree = "<group>";
		};
		86C40C7D2A754CB70040189E /* Model */ = {
			isa = PBXGroup;
			children = (
				86C40C7E2A754CB70040189E /* NotificationModel.swift */,
				86C40C7F2A754CB70040189E /* TaimeisanPausingType.swift */,
			);
			path = Model;
			sourceTree = "<group>";
		};
		B066C199BA4BA670D0FCDC28 /* Pods */ = {
			isa = PBXGroup;
			children = (
				46F961959A6D5B499B2E7848 /* Pods-IamIronManGame iOS.debug.xcconfig */,
				3B7AF134D8A4ECC50937B133 /* Pods-IamIronManGame iOS.release.xcconfig */,
				1C4458598EAE39BDE0A812FE /* Pods-IamIronManGame macOS.debug.xcconfig */,
				3EA7D2788C4C9E0686A0A273 /* Pods-IamIronManGame macOS.release.xcconfig */,
				13FB61EBD33E9476D193E836 /* Pods-IamIronManGame tvOS.debug.xcconfig */,
				A81142BF5EF3DB160D7C2E81 /* Pods-IamIronManGame tvOS.release.xcconfig */,
			);
			path = Pods;
			sourceTree = "<group>";
		};
/* End PBXGroup section */

/* Begin PBXNativeTarget section */
		864C87872A554D9900EFC5C3 /* IamIronManGame iOS */ = {
			isa = PBXNativeTarget;
			buildConfigurationList = 864C87BE2A554D9900EFC5C3 /* Build configuration list for PBXNativeTarget "IamIronManGame iOS" */;
			buildPhases = (
				035E63B3A814CAEB01A98C71 /* [CP] Check Pods Manifest.lock */,
				864C87842A554D9900EFC5C3 /* Sources */,
				864C87852A554D9900EFC5C3 /* Frameworks */,
				864C87862A554D9900EFC5C3 /* Resources */,
				88866DFAADAB938DE162F20B /* [CP] Embed Pods Frameworks */,
				5D31FD08ECF43FAEBEDB0223 /* [CP] Copy Pods Resources */,
			);
			buildRules = (
			);
			dependencies = (
			);
			name = "IamIronManGame iOS";
			packageProductDependencies = (
				86C40C9F2A7561D70040189E /* PKHUD */,
			);
			productName = "IamIronManGame iOS";
			productReference = 864C87882A554D9900EFC5C3 /* IamIronManGame.app */;
			productType = "com.apple.product-type.application";
		};
		864C87982A554D9900EFC5C3 /* IamIronManGame tvOS */ = {
			isa = PBXNativeTarget;
			buildConfigurationList = 864C87C12A554D9900EFC5C3 /* Build configuration list for PBXNativeTarget "IamIronManGame tvOS" */;
			buildPhases = (
				9B8B0CCF68B6F18CC5A4C150 /* [CP] Check Pods Manifest.lock */,
				864C87952A554D9900EFC5C3 /* Sources */,
				864C87962A554D9900EFC5C3 /* Frameworks */,
				864C87972A554D9900EFC5C3 /* Resources */,
			);
			buildRules = (
			);
			dependencies = (
			);
			name = "IamIronManGame tvOS";
			productName = "IamIronManGame tvOS";
			productReference = 864C87992A554D9900EFC5C3 /* IamIronManGame.app */;
			productType = "com.apple.product-type.application";
		};
		864C87A82A554D9900EFC5C3 /* IamIronManGame macOS */ = {
			isa = PBXNativeTarget;
			buildConfigurationList = 864C87C42A554D9900EFC5C3 /* Build configuration list for PBXNativeTarget "IamIronManGame macOS" */;
			buildPhases = (
				13CB7F4225D05D745597DF3B /* [CP] Check Pods Manifest.lock */,
				864C87A52A554D9900EFC5C3 /* Sources */,
				864C87A62A554D9900EFC5C3 /* Frameworks */,
				864C87A72A554D9900EFC5C3 /* Resources */,
			);
			buildRules = (
			);
			dependencies = (
			);
			name = "IamIronManGame macOS";
			productName = "IamIronManGame macOS";
			productReference = 864C87A92A554D9900EFC5C3 /* IamIronManGame.app */;
			productType = "com.apple.product-type.application";
		};
/* End PBXNativeTarget section */

/* Begin PBXProject section */
		864C877C2A554D9700EFC5C3 /* Project object */ = {
			isa = PBXProject;
			attributes = {
				BuildIndependentTargetsInParallel = 1;
				LastSwiftUpdateCheck = 1420;
				LastUpgradeCheck = 1420;
				TargetAttributes = {
					864C87872A554D9900EFC5C3 = {
						CreatedOnToolsVersion = 14.2;
					};
					864C87982A554D9900EFC5C3 = {
						CreatedOnToolsVersion = 14.2;
					};
					864C87A82A554D9900EFC5C3 = {
						CreatedOnToolsVersion = 14.2;
					};
				};
			};
			buildConfigurationList = 864C877F2A554D9700EFC5C3 /* Build configuration list for PBXProject "IamIronManGame" */;
			compatibilityVersion = "Xcode 14.0";
			developmentRegion = en;
			hasScannedForEncodings = 0;
			knownRegions = (
				en,
				Base,
			);
			mainGroup = 864C877B2A554D9700EFC5C3;
			packageReferences = (
				86C40C9E2A7561D70040189E /* XCRemoteSwiftPackageReference "PKHUD" */,
			);
			productRefGroup = 864C87892A554D9900EFC5C3 /* Products */;
			projectDirPath = "";
			projectRoot = "";
			targets = (
				864C87872A554D9900EFC5C3 /* IamIronManGame iOS */,
				864C87982A554D9900EFC5C3 /* IamIronManGame tvOS */,
				864C87A82A554D9900EFC5C3 /* IamIronManGame macOS */,
			);
		};
/* End PBXProject section */

/* Begin PBXResourcesBuildPhase section */
		864C87862A554D9900EFC5C3 /* Resources */ = {
			isa = PBXResourcesBuildPhase;
			buildActionMask = 2147483647;
			files = (
				86C40C302A754BB00040189E /* bazookaHit.mp3 in Resources */,
				86C40C2B2A754BB00040189E /* startWhistle.mp3 in Resources */,
				86C40C382A754BB00040189E /* pistol-reload.mp3 in Resources */,
				86C40C792A754C300040189E /* K.O..mp3 in Resources */,
				86C40C7A2A754C300040189E /* asai.mp3 in Resources */,
				86C40C5E2A754C300040189E /* taa.mp3 in Resources */,
				86C40C5D2A754C300040189E /* bossBattle.mp3 in Resources */,
				86C40C6B2A754C300040189E /* ending.mp3 in Resources */,
				864C87912A554D9900EFC5C3 /* Main.storyboard in Resources */,
				86C40C342A754BB00040189E /* endWhistle.mp3 in Resources */,
				86B811662A78A09C00BB8216 /* EndingViewController.storyboard in Resources */,
				86C40C612A754C300040189E /* pikagoro.mp3 in Resources */,
				86C40C2E2A754BB00040189E /* westernPistolShoot.mp3 in Resources */,
				86C40C712A754C300040189E /* poko.mp3 in Resources */,
				86C40C2D2A754BB00040189E /* pistol-slide.mp3 in Resources */,
				86C40C782A754C300040189E /* bossBattleTrim_2.mp3 in Resources */,
				86C40C652A754C300040189E /* pesin.mp3 in Resources */,
				86C40C752A754C300040189E /* guaaa.mp3 in Resources */,
				864C87942A554D9900EFC5C3 /* LaunchScreen.storyboard in Resources */,
				8696BDA02A77DDC1004F9068 /* ContinueViewController.storyboard in Resources */,
				86C40C692A754C300040189E /* serifu1.mp3 in Resources */,
				86C40C352A754BB00040189E /* rankingAppear.mp3 in Resources */,
				86C40C2F2A754BB00040189E /* bazookaHit_small2.mp3 in Resources */,
				864C87B92A554D9900EFC5C3 /* Assets.xcassets in Resources */,
				86C40C7C2A754C300040189E /* kirakiraSelect.mp3 in Resources */,
				86C40C6C2A754C300040189E /* besi.mp3 in Resources */,
				86C40C772A754C300040189E /* aquaMove.mp3 in Resources */,
				86C40C632A754C300040189E /* beam.mp3 in Resources */,
				86C40C312A754BB00040189E /* bazookaSet.mp3 in Resources */,
				86C40C742A754C300040189E /* uu.mp3 in Resources */,
				86C40C602A754C300040189E /* reikiyo.mp3 in Resources */,
				86B811612A78A02A00BB8216 /* ultraSoulHey.mp3 in Resources */,
				86C40C722A754C300040189E /* aquaPointBarFilled.mp3 in Resources */,
				86C40C2C2A754BB00040189E /* pistol-out-bullets.mp3 in Resources */,
				86C40C682A754C300040189E /* soko.mp3 in Resources */,
				86C40C702A754C300040189E /* honooyo.mp3 in Resources */,
				86C40C362A754BB00040189E /* pistol-fire.mp3 in Resources */,
				86C40C5F2A754C300040189E /* kakugo.mp3 in Resources */,
				86C40C6E2A754C300040189E /* omoi.mp3 in Resources */,
				86C40C662A754C300040189E /* karadaga.mp3 in Resources */,
				86C40C322A754BB00040189E /* bazookaShoot.mp3 in Resources */,
				86C40C5C2A754C300040189E /* fonfon.mp3 in Resources */,
				86C40C392A754BB10040189E /* bazookaReload.mp3 in Resources */,
				86C40C762A754C300040189E /* ikazutiyo.mp3 in Resources */,
				86C40C182A7547930040189E /* GameViewController.storyboard in Resources */,
				86C40C7B2A754C300040189E /* yoro.mp3 in Resources */,
				86C40C6D2A754C300040189E /* aquaDamage.mp3 in Resources */,
				86C40C6F2A754C300040189E /* uwaaa.mp3 in Resources */,
				86C40C6A2A754C300040189E /* kyuiin.mp3 in Resources */,
				86C40C622A754C300040189E /* kuo.mp3 in Resources */,
				86C40C642A754C300040189E /* dora.mp3 in Resources */,
				86C40C672A754C300040189E /* hyun.mp3 in Resources */,
				86C40C372A754BB00040189E /* headShot.mp3 in Resources */,
				86C40C732A754C300040189E /* bossBattleTrim_2-1.mp3 in Resources */,
				864C87B62A554D9900EFC5C3 /* Art.scnassets in Resources */,
				86C40BC22A7540130040189E /* TopViewController.storyboard in Resources */,
			);
			runOnlyForDeploymentPostprocessing = 0;
		};
		864C87972A554D9900EFC5C3 /* Resources */ = {
			isa = PBXResourcesBuildPhase;
			buildActionMask = 2147483647;
			files = (
				864C87A12A554D9900EFC5C3 /* Main.storyboard in Resources */,
				864C87A42A554D9900EFC5C3 /* LaunchScreen.storyboard in Resources */,
				864C87BA2A554D9900EFC5C3 /* Assets.xcassets in Resources */,
				864C87B72A554D9900EFC5C3 /* Art.scnassets in Resources */,
			);
			runOnlyForDeploymentPostprocessing = 0;
		};
		864C87A72A554D9900EFC5C3 /* Resources */ = {
			isa = PBXResourcesBuildPhase;
			buildActionMask = 2147483647;
			files = (
				864C87B12A554D9900EFC5C3 /* Main.storyboard in Resources */,
				864C87BB2A554D9900EFC5C3 /* Assets.xcassets in Resources */,
				864C87B82A554D9900EFC5C3 /* Art.scnassets in Resources */,
			);
			runOnlyForDeploymentPostprocessing = 0;
		};
/* End PBXResourcesBuildPhase section */

/* Begin PBXShellScriptBuildPhase section */
		035E63B3A814CAEB01A98C71 /* [CP] Check Pods Manifest.lock */ = {
			isa = PBXShellScriptBuildPhase;
			buildActionMask = 2147483647;
			files = (
			);
			inputFileListPaths = (
			);
			inputPaths = (
				"${PODS_PODFILE_DIR_PATH}/Podfile.lock",
				"${PODS_ROOT}/Manifest.lock",
			);
			name = "[CP] Check Pods Manifest.lock";
			outputFileListPaths = (
			);
			outputPaths = (
				"$(DERIVED_FILE_DIR)/Pods-IamIronManGame iOS-checkManifestLockResult.txt",
			);
			runOnlyForDeploymentPostprocessing = 0;
			shellPath = /bin/sh;
			shellScript = "diff \"${PODS_PODFILE_DIR_PATH}/Podfile.lock\" \"${PODS_ROOT}/Manifest.lock\" > /dev/null\nif [ $? != 0 ] ; then\n    # print error to STDERR\n    echo \"error: The sandbox is not in sync with the Podfile.lock. Run 'pod install' or update your CocoaPods installation.\" >&2\n    exit 1\nfi\n# This output is used by Xcode 'outputs' to avoid re-running this script phase.\necho \"SUCCESS\" > \"${SCRIPT_OUTPUT_FILE_0}\"\n";
			showEnvVarsInLog = 0;
		};
		13CB7F4225D05D745597DF3B /* [CP] Check Pods Manifest.lock */ = {
			isa = PBXShellScriptBuildPhase;
			buildActionMask = 2147483647;
			files = (
			);
			inputFileListPaths = (
			);
			inputPaths = (
				"${PODS_PODFILE_DIR_PATH}/Podfile.lock",
				"${PODS_ROOT}/Manifest.lock",
			);
			name = "[CP] Check Pods Manifest.lock";
			outputFileListPaths = (
			);
			outputPaths = (
				"$(DERIVED_FILE_DIR)/Pods-IamIronManGame macOS-checkManifestLockResult.txt",
			);
			runOnlyForDeploymentPostprocessing = 0;
			shellPath = /bin/sh;
			shellScript = "diff \"${PODS_PODFILE_DIR_PATH}/Podfile.lock\" \"${PODS_ROOT}/Manifest.lock\" > /dev/null\nif [ $? != 0 ] ; then\n    # print error to STDERR\n    echo \"error: The sandbox is not in sync with the Podfile.lock. Run 'pod install' or update your CocoaPods installation.\" >&2\n    exit 1\nfi\n# This output is used by Xcode 'outputs' to avoid re-running this script phase.\necho \"SUCCESS\" > \"${SCRIPT_OUTPUT_FILE_0}\"\n";
			showEnvVarsInLog = 0;
		};
		5D31FD08ECF43FAEBEDB0223 /* [CP] Copy Pods Resources */ = {
			isa = PBXShellScriptBuildPhase;
			buildActionMask = 2147483647;
			files = (
			);
			inputFileListPaths = (
				"${PODS_ROOT}/Target Support Files/Pods-IamIronManGame iOS/Pods-IamIronManGame iOS-resources-${CONFIGURATION}-input-files.xcfilelist",
			);
			name = "[CP] Copy Pods Resources";
			outputFileListPaths = (
				"${PODS_ROOT}/Target Support Files/Pods-IamIronManGame iOS/Pods-IamIronManGame iOS-resources-${CONFIGURATION}-output-files.xcfilelist",
			);
			runOnlyForDeploymentPostprocessing = 0;
			shellPath = /bin/sh;
			shellScript = "\"${PODS_ROOT}/Target Support Files/Pods-IamIronManGame iOS/Pods-IamIronManGame iOS-resources.sh\"\n";
			showEnvVarsInLog = 0;
		};
		88866DFAADAB938DE162F20B /* [CP] Embed Pods Frameworks */ = {
			isa = PBXShellScriptBuildPhase;
			buildActionMask = 2147483647;
			files = (
			);
			inputFileListPaths = (
				"${PODS_ROOT}/Target Support Files/Pods-IamIronManGame iOS/Pods-IamIronManGame iOS-frameworks-${CONFIGURATION}-input-files.xcfilelist",
			);
			name = "[CP] Embed Pods Frameworks";
			outputFileListPaths = (
				"${PODS_ROOT}/Target Support Files/Pods-IamIronManGame iOS/Pods-IamIronManGame iOS-frameworks-${CONFIGURATION}-output-files.xcfilelist",
			);
			runOnlyForDeploymentPostprocessing = 0;
			shellPath = /bin/sh;
			shellScript = "\"${PODS_ROOT}/Target Support Files/Pods-IamIronManGame iOS/Pods-IamIronManGame iOS-frameworks.sh\"\n";
			showEnvVarsInLog = 0;
		};
		9B8B0CCF68B6F18CC5A4C150 /* [CP] Check Pods Manifest.lock */ = {
			isa = PBXShellScriptBuildPhase;
			buildActionMask = 2147483647;
			files = (
			);
			inputFileListPaths = (
			);
			inputPaths = (
				"${PODS_PODFILE_DIR_PATH}/Podfile.lock",
				"${PODS_ROOT}/Manifest.lock",
			);
			name = "[CP] Check Pods Manifest.lock";
			outputFileListPaths = (
			);
			outputPaths = (
				"$(DERIVED_FILE_DIR)/Pods-IamIronManGame tvOS-checkManifestLockResult.txt",
			);
			runOnlyForDeploymentPostprocessing = 0;
			shellPath = /bin/sh;
			shellScript = "diff \"${PODS_PODFILE_DIR_PATH}/Podfile.lock\" \"${PODS_ROOT}/Manifest.lock\" > /dev/null\nif [ $? != 0 ] ; then\n    # print error to STDERR\n    echo \"error: The sandbox is not in sync with the Podfile.lock. Run 'pod install' or update your CocoaPods installation.\" >&2\n    exit 1\nfi\n# This output is used by Xcode 'outputs' to avoid re-running this script phase.\necho \"SUCCESS\" > \"${SCRIPT_OUTPUT_FILE_0}\"\n";
			showEnvVarsInLog = 0;
		};
/* End PBXShellScriptBuildPhase section */

/* Begin PBXSourcesBuildPhase section */
		864C87842A554D9900EFC5C3 /* Sources */ = {
			isa = PBXSourcesBuildPhase;
			buildActionMask = 2147483647;
			files = (
				86C40C102A7545930040189E /* BulletsHolder.swift in Sources */,
				86C40BF32A75438E0040189E /* AudioUtil.swift in Sources */,
				864C878E2A554D9900EFC5C3 /* BluetoothTestViewController.swift in Sources */,
				86C40BEB2A75438E0040189E /* UIViewController+Extension.swift in Sources */,
				864C87B32A554D9900EFC5C3 /* GameController.swift in Sources */,
				86C40BE52A75438E0040189E /* WeaponType.swift in Sources */,
				86C40BEF2A75438E0040189E /* UserDefaults+Extension.swift in Sources */,
				867DF8982A729C3C004846C6 /* SceneViewSettingUtil.swift in Sources */,
				86C40C022A7544C60040189E /* GameViewController.swift in Sources */,
				86B811642A78A09700BB8216 /* EndingViewController.swift in Sources */,
				86C40BF42A75438E0040189E /* CameraAuthUtil.swift in Sources */,
				86C40C152A7545930040189E /* CurrentWeapon.swift in Sources */,
				86C40BEA2A75438E0040189E /* UIImageView+Extension.swift in Sources */,
				86C40BED2A75438E0040189E /* Storyboard+Extension.swift in Sources */,
				86C40C132A7545930040189E /* MotionDetector.swift in Sources */,
				86C40BF72A75438E0040189E /* SceneNodeUtil.swift in Sources */,
				86C40BE72A75438E0040189E /* SoundConst.swift in Sources */,
				864C878C2A554D9900EFC5C3 /* AppDelegate.swift in Sources */,
				86C40BEC2A75438E0040189E /* UIViewController+RxLifeCycleEvents.swift in Sources */,
				86C40C002A75438E0040189E /* GameViewModel.swift in Sources */,
				8678D0382A7652360026A241 /* RemoConInfoInMap.swift in Sources */,
				86C40BF02A75438E0040189E /* UIScrollView+Extension.swift in Sources */,
				86C40BC02A7540070040189E /* TopViewController.swift in Sources */,
				8696BD9F2A77DDC1004F9068 /* ContinueViewController.swift in Sources */,
				8678D03B2A76AD2A0026A241 /* LabelNode.swift in Sources */,
				86C40C812A754CB80040189E /* NotificationModel.swift in Sources */,
				86C40BF82A75438E0040189E /* SceneAnimationUtil.swift in Sources */,
				86C40C822A754CB80040189E /* TaimeisanPausingType.swift in Sources */,
				86C40C9D2A755BFD0040189E /* DeviceTypeHolder.swift in Sources */,
				8696BD9C2A776EBB004F9068 /* SceneActionEvent.swift in Sources */,
				86C40BEE2A75438E0040189E /* Font+Extension.swift in Sources */,
				86C40BE42A75438E0040189E /* GameConst.swift in Sources */,
			);
			runOnlyForDeploymentPostprocessing = 0;
		};
		864C87952A554D9900EFC5C3 /* Sources */ = {
			isa = PBXSourcesBuildPhase;
			buildActionMask = 2147483647;
			files = (
				864C879E2A554D9900EFC5C3 /* GameViewController.swift in Sources */,
				864C87B42A554D9900EFC5C3 /* GameController.swift in Sources */,
				864C879C2A554D9900EFC5C3 /* AppDelegate.swift in Sources */,
			);
			runOnlyForDeploymentPostprocessing = 0;
		};
		864C87A52A554D9900EFC5C3 /* Sources */ = {
			isa = PBXSourcesBuildPhase;
			buildActionMask = 2147483647;
			files = (
				864C87AE2A554D9900EFC5C3 /* GameViewController.swift in Sources */,
				864C87B52A554D9900EFC5C3 /* GameController.swift in Sources */,
				864C87AC2A554D9900EFC5C3 /* AppDelegate.swift in Sources */,
			);
			runOnlyForDeploymentPostprocessing = 0;
		};
/* End PBXSourcesBuildPhase section */

/* Begin PBXVariantGroup section */
		864C878F2A554D9900EFC5C3 /* Main.storyboard */ = {
			isa = PBXVariantGroup;
			children = (
				864C87902A554D9900EFC5C3 /* Base */,
			);
			name = Main.storyboard;
			sourceTree = "<group>";
		};
		864C87922A554D9900EFC5C3 /* LaunchScreen.storyboard */ = {
			isa = PBXVariantGroup;
			children = (
				864C87932A554D9900EFC5C3 /* Base */,
			);
			name = LaunchScreen.storyboard;
			sourceTree = "<group>";
		};
		864C879F2A554D9900EFC5C3 /* Main.storyboard */ = {
			isa = PBXVariantGroup;
			children = (
				864C87A02A554D9900EFC5C3 /* Base */,
			);
			name = Main.storyboard;
			sourceTree = "<group>";
		};
		864C87A22A554D9900EFC5C3 /* LaunchScreen.storyboard */ = {
			isa = PBXVariantGroup;
			children = (
				864C87A32A554D9900EFC5C3 /* Base */,
			);
			name = LaunchScreen.storyboard;
			sourceTree = "<group>";
		};
		864C87AF2A554D9900EFC5C3 /* Main.storyboard */ = {
			isa = PBXVariantGroup;
			children = (
				864C87B02A554D9900EFC5C3 /* Base */,
			);
			name = Main.storyboard;
			sourceTree = "<group>";
		};
/* End PBXVariantGroup section */

/* Begin XCBuildConfiguration section */
		864C87BC2A554D9900EFC5C3 /* Debug */ = {
			isa = XCBuildConfiguration;
			buildSettings = {
				ALWAYS_SEARCH_USER_PATHS = NO;
				CLANG_ANALYZER_NONNULL = YES;
				CLANG_ANALYZER_NUMBER_OBJECT_CONVERSION = YES_AGGRESSIVE;
				CLANG_CXX_LANGUAGE_STANDARD = "gnu++20";
				CLANG_ENABLE_MODULES = YES;
				CLANG_ENABLE_OBJC_ARC = YES;
				CLANG_ENABLE_OBJC_WEAK = YES;
				CLANG_WARN_BLOCK_CAPTURE_AUTORELEASING = YES;
				CLANG_WARN_BOOL_CONVERSION = YES;
				CLANG_WARN_COMMA = YES;
				CLANG_WARN_CONSTANT_CONVERSION = YES;
				CLANG_WARN_DEPRECATED_OBJC_IMPLEMENTATIONS = YES;
				CLANG_WARN_DIRECT_OBJC_ISA_USAGE = YES_ERROR;
				CLANG_WARN_DOCUMENTATION_COMMENTS = YES;
				CLANG_WARN_EMPTY_BODY = YES;
				CLANG_WARN_ENUM_CONVERSION = YES;
				CLANG_WARN_INFINITE_RECURSION = YES;
				CLANG_WARN_INT_CONVERSION = YES;
				CLANG_WARN_NON_LITERAL_NULL_CONVERSION = YES;
				CLANG_WARN_OBJC_IMPLICIT_RETAIN_SELF = YES;
				CLANG_WARN_OBJC_LITERAL_CONVERSION = YES;
				CLANG_WARN_OBJC_ROOT_CLASS = YES_ERROR;
				CLANG_WARN_QUOTED_INCLUDE_IN_FRAMEWORK_HEADER = YES;
				CLANG_WARN_RANGE_LOOP_ANALYSIS = YES;
				CLANG_WARN_STRICT_PROTOTYPES = YES;
				CLANG_WARN_SUSPICIOUS_MOVE = YES;
				CLANG_WARN_UNGUARDED_AVAILABILITY = YES_AGGRESSIVE;
				CLANG_WARN_UNREACHABLE_CODE = YES;
				CLANG_WARN__DUPLICATE_METHOD_MATCH = YES;
				COPY_PHASE_STRIP = NO;
				DEBUG_INFORMATION_FORMAT = dwarf;
				ENABLE_STRICT_OBJC_MSGSEND = YES;
				ENABLE_TESTABILITY = YES;
				GCC_C_LANGUAGE_STANDARD = gnu11;
				GCC_DYNAMIC_NO_PIC = NO;
				GCC_NO_COMMON_BLOCKS = YES;
				GCC_OPTIMIZATION_LEVEL = 0;
				GCC_PREPROCESSOR_DEFINITIONS = (
					"DEBUG=1",
					"$(inherited)",
				);
				GCC_WARN_64_TO_32_BIT_CONVERSION = YES;
				GCC_WARN_ABOUT_RETURN_TYPE = YES_ERROR;
				GCC_WARN_UNDECLARED_SELECTOR = YES;
				GCC_WARN_UNINITIALIZED_AUTOS = YES_AGGRESSIVE;
				GCC_WARN_UNUSED_FUNCTION = YES;
				GCC_WARN_UNUSED_VARIABLE = YES;
				MTL_ENABLE_DEBUG_INFO = INCLUDE_SOURCE;
				MTL_FAST_MATH = YES;
				ONLY_ACTIVE_ARCH = YES;
				SWIFT_ACTIVE_COMPILATION_CONDITIONS = DEBUG;
				SWIFT_OPTIMIZATION_LEVEL = "-Onone";
			};
			name = Debug;
		};
		864C87BD2A554D9900EFC5C3 /* Release */ = {
			isa = XCBuildConfiguration;
			buildSettings = {
				ALWAYS_SEARCH_USER_PATHS = NO;
				CLANG_ANALYZER_NONNULL = YES;
				CLANG_ANALYZER_NUMBER_OBJECT_CONVERSION = YES_AGGRESSIVE;
				CLANG_CXX_LANGUAGE_STANDARD = "gnu++20";
				CLANG_ENABLE_MODULES = YES;
				CLANG_ENABLE_OBJC_ARC = YES;
				CLANG_ENABLE_OBJC_WEAK = YES;
				CLANG_WARN_BLOCK_CAPTURE_AUTORELEASING = YES;
				CLANG_WARN_BOOL_CONVERSION = YES;
				CLANG_WARN_COMMA = YES;
				CLANG_WARN_CONSTANT_CONVERSION = YES;
				CLANG_WARN_DEPRECATED_OBJC_IMPLEMENTATIONS = YES;
				CLANG_WARN_DIRECT_OBJC_ISA_USAGE = YES_ERROR;
				CLANG_WARN_DOCUMENTATION_COMMENTS = YES;
				CLANG_WARN_EMPTY_BODY = YES;
				CLANG_WARN_ENUM_CONVERSION = YES;
				CLANG_WARN_INFINITE_RECURSION = YES;
				CLANG_WARN_INT_CONVERSION = YES;
				CLANG_WARN_NON_LITERAL_NULL_CONVERSION = YES;
				CLANG_WARN_OBJC_IMPLICIT_RETAIN_SELF = YES;
				CLANG_WARN_OBJC_LITERAL_CONVERSION = YES;
				CLANG_WARN_OBJC_ROOT_CLASS = YES_ERROR;
				CLANG_WARN_QUOTED_INCLUDE_IN_FRAMEWORK_HEADER = YES;
				CLANG_WARN_RANGE_LOOP_ANALYSIS = YES;
				CLANG_WARN_STRICT_PROTOTYPES = YES;
				CLANG_WARN_SUSPICIOUS_MOVE = YES;
				CLANG_WARN_UNGUARDED_AVAILABILITY = YES_AGGRESSIVE;
				CLANG_WARN_UNREACHABLE_CODE = YES;
				CLANG_WARN__DUPLICATE_METHOD_MATCH = YES;
				COPY_PHASE_STRIP = NO;
				DEBUG_INFORMATION_FORMAT = "dwarf-with-dsym";
				ENABLE_NS_ASSERTIONS = NO;
				ENABLE_STRICT_OBJC_MSGSEND = YES;
				GCC_C_LANGUAGE_STANDARD = gnu11;
				GCC_NO_COMMON_BLOCKS = YES;
				GCC_WARN_64_TO_32_BIT_CONVERSION = YES;
				GCC_WARN_ABOUT_RETURN_TYPE = YES_ERROR;
				GCC_WARN_UNDECLARED_SELECTOR = YES;
				GCC_WARN_UNINITIALIZED_AUTOS = YES_AGGRESSIVE;
				GCC_WARN_UNUSED_FUNCTION = YES;
				GCC_WARN_UNUSED_VARIABLE = YES;
				MTL_ENABLE_DEBUG_INFO = NO;
				MTL_FAST_MATH = YES;
				SWIFT_COMPILATION_MODE = wholemodule;
				SWIFT_OPTIMIZATION_LEVEL = "-O";
			};
			name = Release;
		};
		864C87BF2A554D9900EFC5C3 /* Debug */ = {
			isa = XCBuildConfiguration;
			baseConfigurationReference = 46F961959A6D5B499B2E7848 /* Pods-IamIronManGame iOS.debug.xcconfig */;
			buildSettings = {
				ASSETCATALOG_COMPILER_APPICON_NAME = AppIcon;
				ASSETCATALOG_COMPILER_GLOBAL_ACCENT_COLOR_NAME = AccentColor;
				CODE_SIGN_IDENTITY = "Apple Development";
				"CODE_SIGN_IDENTITY[sdk=iphoneos*]" = "iPhone Developer";
				CODE_SIGN_STYLE = Manual;
				CURRENT_PROJECT_VERSION = 1;
				DEVELOPMENT_TEAM = "";
				"DEVELOPMENT_TEAM[sdk=iphoneos*]" = 37MFDT4LMQ;
				GENERATE_INFOPLIST_FILE = YES;
				INFOPLIST_FILE = "IamIronManGame-iOS-Info.plist";
				INFOPLIST_KEY_NSCameraUsageDescription = "";
				INFOPLIST_KEY_NSLocalNetworkUsageDescription = "近くの端末とBluetooth接続を通じてデータをやり取りする為に使用します。";
				INFOPLIST_KEY_UIApplicationSupportsIndirectInputEvents = YES;
				INFOPLIST_KEY_UILaunchStoryboardName = LaunchScreen;
				INFOPLIST_KEY_UIMainStoryboardFile = Main;
				INFOPLIST_KEY_UIStatusBarHidden = YES;
				INFOPLIST_KEY_UISupportedInterfaceOrientations = UIInterfaceOrientationLandscapeRight;
				INFOPLIST_KEY_UISupportedInterfaceOrientations_iPad = "UIInterfaceOrientationLandscapeLeft UIInterfaceOrientationLandscapeRight UIInterfaceOrientationPortrait UIInterfaceOrientationPortraitUpsideDown";
				IPHONEOS_DEPLOYMENT_TARGET = 15.0;
				LD_RUNPATH_SEARCH_PATHS = (
					"$(inherited)",
					"@executable_path/Frameworks",
				);
				MARKETING_VERSION = 1.0;
				PRODUCT_BUNDLE_IDENTIFIER = com.takamasafukase.IamIronManGame2;
				PRODUCT_NAME = IamIronManGame;
				PROVISIONING_PROFILE_SPECIFIER = "";
				"PROVISIONING_PROFILE_SPECIFIER[sdk=iphoneos*]" = "IamIronManGame-development";
				SDKROOT = iphoneos;
				SWIFT_EMIT_LOC_STRINGS = YES;
				SWIFT_OBJC_BRIDGING_HEADER = "";
				SWIFT_VERSION = 5.0;
				TARGETED_DEVICE_FAMILY = "1,2";
			};
			name = Debug;
		};
		864C87C02A554D9900EFC5C3 /* Release */ = {
			isa = XCBuildConfiguration;
			baseConfigurationReference = 3B7AF134D8A4ECC50937B133 /* Pods-IamIronManGame iOS.release.xcconfig */;
			buildSettings = {
				ASSETCATALOG_COMPILER_APPICON_NAME = AppIcon;
				ASSETCATALOG_COMPILER_GLOBAL_ACCENT_COLOR_NAME = AccentColor;
				CODE_SIGN_IDENTITY = "Apple Development";
				"CODE_SIGN_IDENTITY[sdk=iphoneos*]" = "iPhone Developer";
				CODE_SIGN_STYLE = Manual;
				CURRENT_PROJECT_VERSION = 1;
				DEVELOPMENT_TEAM = "";
				"DEVELOPMENT_TEAM[sdk=iphoneos*]" = 37MFDT4LMQ;
				GENERATE_INFOPLIST_FILE = YES;
				INFOPLIST_FILE = "IamIronManGame-iOS-Info.plist";
				INFOPLIST_KEY_NSCameraUsageDescription = "";
				INFOPLIST_KEY_NSLocalNetworkUsageDescription = "近くの端末とBluetooth接続を通じてデータをやり取りする為に使用します。";
				INFOPLIST_KEY_UIApplicationSupportsIndirectInputEvents = YES;
				INFOPLIST_KEY_UILaunchStoryboardName = LaunchScreen;
				INFOPLIST_KEY_UIMainStoryboardFile = Main;
				INFOPLIST_KEY_UIStatusBarHidden = YES;
				INFOPLIST_KEY_UISupportedInterfaceOrientations = UIInterfaceOrientationLandscapeRight;
				INFOPLIST_KEY_UISupportedInterfaceOrientations_iPad = "UIInterfaceOrientationLandscapeLeft UIInterfaceOrientationLandscapeRight UIInterfaceOrientationPortrait UIInterfaceOrientationPortraitUpsideDown";
				IPHONEOS_DEPLOYMENT_TARGET = 15.0;
				LD_RUNPATH_SEARCH_PATHS = (
					"$(inherited)",
					"@executable_path/Frameworks",
				);
				MARKETING_VERSION = 1.0;
				PRODUCT_BUNDLE_IDENTIFIER = com.takamasafukase.IamIronManGame2;
				PRODUCT_NAME = IamIronManGame;
				PROVISIONING_PROFILE_SPECIFIER = "";
				"PROVISIONING_PROFILE_SPECIFIER[sdk=iphoneos*]" = "IamIronManGame-development";
				SDKROOT = iphoneos;
				SWIFT_EMIT_LOC_STRINGS = YES;
				SWIFT_OBJC_BRIDGING_HEADER = "";
				SWIFT_VERSION = 5.0;
				TARGETED_DEVICE_FAMILY = "1,2";
				VALIDATE_PRODUCT = YES;
			};
			name = Release;
		};
		864C87C22A554D9900EFC5C3 /* Debug */ = {
			isa = XCBuildConfiguration;
			baseConfigurationReference = 13FB61EBD33E9476D193E836 /* Pods-IamIronManGame tvOS.debug.xcconfig */;
			buildSettings = {
				ASSETCATALOG_COMPILER_APPICON_NAME = "tvOS App Icon & Top Shelf Image";
				ASSETCATALOG_COMPILER_GLOBAL_ACCENT_COLOR_NAME = AccentColor;
				CODE_SIGN_STYLE = Automatic;
				CURRENT_PROJECT_VERSION = 1;
				DEVELOPMENT_TEAM = RYD4R2QLW8;
				GENERATE_INFOPLIST_FILE = YES;
				INFOPLIST_KEY_UILaunchStoryboardName = LaunchScreen;
				INFOPLIST_KEY_UIMainStoryboardFile = Main;
				INFOPLIST_KEY_UIUserInterfaceStyle = Automatic;
				LD_RUNPATH_SEARCH_PATHS = (
					"$(inherited)",
					"@executable_path/Frameworks",
				);
				MARKETING_VERSION = 1.0;
				PRODUCT_BUNDLE_IDENTIFIER = com.takamasafukase.IamIronManGame;
				PRODUCT_NAME = IamIronManGame;
				SDKROOT = appletvos;
				SWIFT_EMIT_LOC_STRINGS = YES;
				SWIFT_VERSION = 5.0;
				TARGETED_DEVICE_FAMILY = 3;
				TVOS_DEPLOYMENT_TARGET = 16.1;
			};
			name = Debug;
		};
		864C87C32A554D9900EFC5C3 /* Release */ = {
			isa = XCBuildConfiguration;
			baseConfigurationReference = A81142BF5EF3DB160D7C2E81 /* Pods-IamIronManGame tvOS.release.xcconfig */;
			buildSettings = {
				ASSETCATALOG_COMPILER_APPICON_NAME = "tvOS App Icon & Top Shelf Image";
				ASSETCATALOG_COMPILER_GLOBAL_ACCENT_COLOR_NAME = AccentColor;
				CODE_SIGN_STYLE = Automatic;
				CURRENT_PROJECT_VERSION = 1;
				DEVELOPMENT_TEAM = RYD4R2QLW8;
				GENERATE_INFOPLIST_FILE = YES;
				INFOPLIST_KEY_UILaunchStoryboardName = LaunchScreen;
				INFOPLIST_KEY_UIMainStoryboardFile = Main;
				INFOPLIST_KEY_UIUserInterfaceStyle = Automatic;
				LD_RUNPATH_SEARCH_PATHS = (
					"$(inherited)",
					"@executable_path/Frameworks",
				);
				MARKETING_VERSION = 1.0;
				PRODUCT_BUNDLE_IDENTIFIER = com.takamasafukase.IamIronManGame;
				PRODUCT_NAME = IamIronManGame;
				SDKROOT = appletvos;
				SWIFT_EMIT_LOC_STRINGS = YES;
				SWIFT_VERSION = 5.0;
				TARGETED_DEVICE_FAMILY = 3;
				TVOS_DEPLOYMENT_TARGET = 16.1;
				VALIDATE_PRODUCT = YES;
			};
			name = Release;
		};
		864C87C52A554D9900EFC5C3 /* Debug */ = {
			isa = XCBuildConfiguration;
			baseConfigurationReference = 1C4458598EAE39BDE0A812FE /* Pods-IamIronManGame macOS.debug.xcconfig */;
			buildSettings = {
				ASSETCATALOG_COMPILER_APPICON_NAME = AppIcon;
				ASSETCATALOG_COMPILER_GLOBAL_ACCENT_COLOR_NAME = AccentColor;
				CODE_SIGN_ENTITLEMENTS = "IamIronManGame macOS/IamIronManGame_macOS.entitlements";
				CODE_SIGN_STYLE = Automatic;
				COMBINE_HIDPI_IMAGES = YES;
				CURRENT_PROJECT_VERSION = 1;
				DEVELOPMENT_TEAM = RYD4R2QLW8;
				ENABLE_HARDENED_RUNTIME = YES;
				GENERATE_INFOPLIST_FILE = YES;
				INFOPLIST_KEY_NSHumanReadableCopyright = "";
				INFOPLIST_KEY_NSMainStoryboardFile = Main;
				INFOPLIST_KEY_NSPrincipalClass = NSApplication;
				LD_RUNPATH_SEARCH_PATHS = (
					"$(inherited)",
					"@executable_path/../Frameworks",
				);
				MACOSX_DEPLOYMENT_TARGET = 13.0;
				MARKETING_VERSION = 1.0;
				PRODUCT_BUNDLE_IDENTIFIER = com.takamasafukase.IamIronManGame;
				PRODUCT_NAME = IamIronManGame;
				SDKROOT = macosx;
				SWIFT_EMIT_LOC_STRINGS = YES;
				SWIFT_VERSION = 5.0;
			};
			name = Debug;
		};
		864C87C62A554D9900EFC5C3 /* Release */ = {
			isa = XCBuildConfiguration;
			baseConfigurationReference = 3EA7D2788C4C9E0686A0A273 /* Pods-IamIronManGame macOS.release.xcconfig */;
			buildSettings = {
				ASSETCATALOG_COMPILER_APPICON_NAME = AppIcon;
				ASSETCATALOG_COMPILER_GLOBAL_ACCENT_COLOR_NAME = AccentColor;
				CODE_SIGN_ENTITLEMENTS = "IamIronManGame macOS/IamIronManGame_macOS.entitlements";
				CODE_SIGN_STYLE = Automatic;
				COMBINE_HIDPI_IMAGES = YES;
				CURRENT_PROJECT_VERSION = 1;
				DEVELOPMENT_TEAM = RYD4R2QLW8;
				ENABLE_HARDENED_RUNTIME = YES;
				GENERATE_INFOPLIST_FILE = YES;
				INFOPLIST_KEY_NSHumanReadableCopyright = "";
				INFOPLIST_KEY_NSMainStoryboardFile = Main;
				INFOPLIST_KEY_NSPrincipalClass = NSApplication;
				LD_RUNPATH_SEARCH_PATHS = (
					"$(inherited)",
					"@executable_path/../Frameworks",
				);
				MACOSX_DEPLOYMENT_TARGET = 13.0;
				MARKETING_VERSION = 1.0;
				PRODUCT_BUNDLE_IDENTIFIER = com.takamasafukase.IamIronManGame;
				PRODUCT_NAME = IamIronManGame;
				SDKROOT = macosx;
				SWIFT_EMIT_LOC_STRINGS = YES;
				SWIFT_VERSION = 5.0;
			};
			name = Release;
		};
/* End XCBuildConfiguration section */

/* Begin XCConfigurationList section */
		864C877F2A554D9700EFC5C3 /* Build configuration list for PBXProject "IamIronManGame" */ = {
			isa = XCConfigurationList;
			buildConfigurations = (
				864C87BC2A554D9900EFC5C3 /* Debug */,
				864C87BD2A554D9900EFC5C3 /* Release */,
			);
			defaultConfigurationIsVisible = 0;
			defaultConfigurationName = Release;
		};
		864C87BE2A554D9900EFC5C3 /* Build configuration list for PBXNativeTarget "IamIronManGame iOS" */ = {
			isa = XCConfigurationList;
			buildConfigurations = (
				864C87BF2A554D9900EFC5C3 /* Debug */,
				864C87C02A554D9900EFC5C3 /* Release */,
			);
			defaultConfigurationIsVisible = 0;
			defaultConfigurationName = Release;
		};
		864C87C12A554D9900EFC5C3 /* Build configuration list for PBXNativeTarget "IamIronManGame tvOS" */ = {
			isa = XCConfigurationList;
			buildConfigurations = (
				864C87C22A554D9900EFC5C3 /* Debug */,
				864C87C32A554D9900EFC5C3 /* Release */,
			);
			defaultConfigurationIsVisible = 0;
			defaultConfigurationName = Release;
		};
		864C87C42A554D9900EFC5C3 /* Build configuration list for PBXNativeTarget "IamIronManGame macOS" */ = {
			isa = XCConfigurationList;
			buildConfigurations = (
				864C87C52A554D9900EFC5C3 /* Debug */,
				864C87C62A554D9900EFC5C3 /* Release */,
			);
			defaultConfigurationIsVisible = 0;
			defaultConfigurationName = Release;
		};
/* End XCConfigurationList section */

/* Begin XCRemoteSwiftPackageReference section */
		86C40C9E2A7561D70040189E /* XCRemoteSwiftPackageReference "PKHUD" */ = {
			isa = XCRemoteSwiftPackageReference;
			repositoryURL = "https://github.com/pkluz/PKHUD";
			requirement = {
				kind = upToNextMajorVersion;
				minimumVersion = 5.4.0;
			};
		};
/* End XCRemoteSwiftPackageReference section */

/* Begin XCSwiftPackageProductDependency section */
		86C40C9F2A7561D70040189E /* PKHUD */ = {
			isa = XCSwiftPackageProductDependency;
			package = 86C40C9E2A7561D70040189E /* XCRemoteSwiftPackageReference "PKHUD" */;
			productName = PKHUD;
		};
/* End XCSwiftPackageProductDependency section */
	};
	rootObject = 864C877C2A554D9700EFC5C3 /* Project object */;
}
